lockfileVersion: '6.0'

settings:
  autoInstallPeers: true
  excludeLinksFromLockfile: false

dependencies:
  '@actions/core':
    specifier: ^3.0.1
    version: registry.npmjs.org/@actions/core@3.0.1
  '@actions/exec':
    specifier: ^3.0.0
    version: registry.npmjs.org/@actions/exec@3.0.0
  '@actions/http-client':
    specifier: ^4.0.1
    version: registry.npmjs.org/@actions/http-client@4.0.1
  '@actions/io':
    specifier: ^3.0.2
    version: registry.npmjs.org/@actions/io@3.0.2
  '@actions/tool-cache':
    specifier: ^4.0.0
    version: registry.npmjs.org/@actions/tool-cache@4.0.0
  actions-swing:
    specifier: ^0.0.6
    version: 0.0.6(@actions/core@3.0.1)(@actions/exec@3.0.0)

devDependencies:
  '@biomejs/biome':
    specifier: ^2.5.8
    version: 2.5.8
  '@types/node':
    specifier: ^26.2.0
    version: 26.2.0
  '@vercel/ncc':
    specifier: ^0.45.0
    version: 0.45.0
  typescript:
    specifier: ^6.0.3
    version: registry.npmjs.org/typescript@6.0.3
  vitest:
    specifier: ^4.1.10
    version: 4.1.10(@types/node@26.2.0)(vite@8.0.10)

packages:

  /@biomejs/biome@2.5.8:
    resolution: {integrity: sha512-aeAeeJB9fSDc7Gq+2GqpQxA0qBj6gj1k2R6L1cYqGePKP/baIq1WX8y6B+D+nRsO5ViQL22K/8IwbqERW0q1nw==}
    engines: {node: '>=14.21.3'}
    hasBin: true
    optionalDependencies:
      '@biomejs/cli-darwin-arm64': 2.5.8
      '@biomejs/cli-darwin-x64': 2.5.8
      '@biomejs/cli-linux-arm64': 2.5.8
      '@biomejs/cli-linux-arm64-musl': 2.5.8
      '@biomejs/cli-linux-x64': 2.5.8
      '@biomejs/cli-linux-x64-musl': 2.5.8
      '@biomejs/cli-win32-arm64': 2.5.8
      '@biomejs/cli-win32-x64': 2.5.8
    dev: true

  /@biomejs/cli-darwin-arm64@2.5.8:
    resolution: {integrity: sha512-mk1QON9PHllvvLN5gU3f4rMxeh4syK5p9OvKyWH6/W8ueh04uaC8TUXXByhGufWf/y5mQc03ZLM45zU+cmqMjA==}
    engines: {node: '>=14.21.3'}
    cpu: [arm64]
    os: [darwin]
    requiresBuild: true
    dev: true
    optional: true

  /@biomejs/cli-darwin-x64@2.5.8:
    resolution: {integrity: sha512-bsGwFMBNyHPyiLSsQcZJxdoRrg1V4JL+d7wEsvUBczlP9U9lwM+7mzQHxI4o1mhBsTmdOBbAb6fHU3Z3snN45w==}
    engines: {node: '>=14.21.3'}
    cpu: [x64]
    os: [darwin]
    requiresBuild: true
    dev: true
    optional: true

  /@biomejs/cli-linux-arm64-musl@2.5.8:
    resolution: {integrity: sha512-VcJNbstduTHx83NGAdhp78/JOcP45BZHXL7yNsfI1uGzdUgegAz2s+mSoT7wK6PBNzLoqG0zDOXaz/RQYVtSiw==}
    engines: {node: '>=14.21.3'}
    cpu: [arm64]
    os: [linux]
    requiresBuild: true
    dev: true
    optional: true

  /@biomejs/cli-linux-arm64@2.5.8:
    resolution: {integrity: sha512-XmFiA0WPYFC+uiUDC8WRFzAIH9bo7vwQLav38Uoq4ETC+T/+uBi0TsYGJECkugY3r8USl3jc+Ae2/irAF6F2lQ==}
    engines: {node: '>=14.21.3'}
    cpu: [arm64]
    os: [linux]
    requiresBuild: true
    dev: true
    optional: true

  /@biomejs/cli-linux-x64-musl@2.5.8:
    resolution: {integrity: sha512-kKmiyokeISRGq2FLwvr+TzsgBusfxaZ0FZNLcOYOpCK/78tRrEjeEBLvq3xLZMpqbANgJdRPI7vZX8ZL37u9/w==}
    engines: {node: '>=14.21.3'}
    cpu: [x64]
    os: [linux]
    requiresBuild: true
    dev: true
    optional: true

  /@biomejs/cli-linux-x64@2.5.8:
    resolution: {integrity: sha512-S5wcm9OBDvLHodD4PUaN488hCpco9QD/9ZxuYJiw4euWtr/oQvLR72z2ixItH8Wd5BCm6FZaeb+YNvOoM1xHtQ==}
    engines: {node: '>=14.21.3'}
    cpu: [x64]
    os: [linux]
    requiresBuild: true
    dev: true
    optional: true

  /@biomejs/cli-win32-arm64@2.5.8:
    resolution: {integrity: sha512-nILH0mzm3Hi3iEdd7o7GpB8kBR/mSQwfQG/tyBqyNrY2GFtcgwfV9nV8xLmbtUpMNY/Oi0Ml1XgfR4flOdq+AA==}
    engines: {node: '>=14.21.3'}
    cpu: [arm64]
    os: [win32]
    requiresBuild: true
    dev: true
    optional: true

  /@biomejs/cli-win32-x64@2.5.8:
    resolution: {integrity: sha512-I2czzXTY61f3nFJxXoMDq80t7MivxDEnCjE+8sDKoFfcKMaoQdkqhIFQ3KyY0XLzeSpUBYeNAXgD+iOV/BU0VA==}
    engines: {node: '>=14.21.3'}
    cpu: [x64]
    os: [win32]
    requiresBuild: true
    dev: true
    optional: true

  /@jridgewell/sourcemap-codec@1.5.5:
    resolution: {integrity: sha512-cYQ9310grqxueWbl+WuIUIaiUaDcj7WOq5fVhEljNVgRfOUhY9fy2zTvfoqWsnebh8Sl70VScFbICvJnLKB0Og==}
    dev: true

  /@napi-rs/wasm-runtime@1.1.4(@emnapi/core@1.10.0)(@emnapi/runtime@1.10.0):
    resolution: {integrity: sha512-3NQNNgA1YSlJb/kMH1ildASP9HW7/7kYnRI2szWJaofaS1hWmbGI4H+d3+22aGzXXN9IJ+n+GiFVcGipJP18ow==}
    requiresBuild: true
    peerDependencies:
      '@emnapi/core': ^1.7.1
      '@emnapi/runtime': ^1.7.1
    dependencies:
      '@emnapi/core': registry.npmjs.org/@emnapi/core@1.10.0
      '@emnapi/runtime': registry.npmjs.org/@emnapi/runtime@1.10.0
      '@tybys/wasm-util': 0.10.2
    dev: true
    optional: true

  /@standard-schema/spec@1.1.0:
    resolution: {integrity: sha512-l2aFy5jALhniG5HgqrD6jXLi/rUWrKvqN/qJx6yoJsgKhblVd+iqqU4RCXavm/jPityDo5TCvKMnpjKnOriy0w==}
    dev: true

  /@tybys/wasm-util@0.10.2:
    resolution: {integrity: sha512-RoBvJ2X0wuKlWFIjrwffGw1IqZHKQqzIchKaadZZfnNpsAYp2mM0h36JtPCjNDAHGgYez/15uMBpfGwchhiMgg==}
    requiresBuild: true
    dependencies:
      tslib: 2.8.1
    dev: true
    optional: true

  /@types/chai@5.2.3:
    resolution: {integrity: sha512-Mw558oeA9fFbv65/y4mHtXDs9bPnFMZAL/jxdPFUpOHHIXX91mcgEHbS5Lahr+pwZFR8A7GQleRWeI6cGFC2UA==}
    dependencies:
      '@types/deep-eql': 4.0.2
      assertion-error: 2.0.1
    dev: true

  /@types/deep-eql@4.0.2:
    resolution: {integrity: sha512-c9h9dVVMigMPc4bwTvC5dxqtqJZwQPePsWjPlpSOnojbor6pGqdk541lfA7AqFQr5pB1BRdq0juY9db81BwyFw==}
    dev: true

  /@types/estree@1.0.5:
    resolution: {integrity: sha512-/kYRxGDLWzHOB7q+wtSUQlFrtcdUccpfy+X+9iMBpHK8QLLhx2wIPYuS5DYtR9Wa/YlZAbIovy7qVdB1Aq6Lyw==}
    dev: true

  /@types/node@26.2.0:
    resolution: {integrity: sha512-5IviulTZeRNp2vAJ514cc/HUlY5nZ9fCbq9DMyC52BrhFZACo3nI0R7qBxhQmo/d27NFe96ur/b7Wwxklda+kg==}
    dependencies:
      undici-types: 8.3.0
    dev: true

  /@vercel/ncc@0.45.0:
    resolution: {integrity: sha512-8zPi1yO2mHpoKTD+e+Bf0ZT3e+sWHSOyGapm9s7b5R0gxJi3CiFTqmeQiMEyu6ejrz2s09M8JkEoUaTWjBJPQQ==}
    hasBin: true
    dev: true

  /@vitest/expect@4.1.10:
    resolution: {integrity: sha512-YsCn+qAk1GWjQOWFEsEcL2gNQ0zmVmQu3T03qP6UyjhtmdtwtbuI+DASn/7iQB3HGTXkdBwGddzxPlmiql5vlA==}
    dependencies:
      '@standard-schema/spec': 1.1.0
      '@types/chai': 5.2.3
      '@vitest/spy': 4.1.10
      '@vitest/utils': 4.1.10
      chai: 6.2.2
      tinyrainbow: 3.1.0
    dev: true

  /@vitest/mocker@4.1.10(vite@8.0.10):
    resolution: {integrity: sha512-v0xaezt+DKEmKfaxg133ldzADrwLGd7Ze1MfQQTYfvs8OqZIwbxyxaYURivwV7sWy5fqn3rH5uOrSp07bp44Ow==}
    peerDependencies:
      msw: ^2.4.9
      vite: ^6.0.0 || ^7.0.0 || ^8.0.0
    peerDependenciesMeta:
      msw:
        optional: true
      vite:
        optional: true
    dependencies:
      '@vitest/spy': 4.1.10
      estree-walker: 3.0.3
      magic-string: 0.30.21
      vite: 8.0.10(@types/node@26.2.0)
    dev: true

  /@vitest/pretty-format@4.1.10:
    resolution: {integrity: sha512-W1HsjSH4MXQ9YfmmhLAoIYf1HRfekQCGngeIgcei6MP5QQGWUe0gkopdZQaVCFO+JDJMrAJGwa5pRpNpvy4P8Q==}
    dependencies:
      tinyrainbow: 3.1.0
    dev: true

  /@vitest/runner@4.1.10:
    resolution: {integrity: sha512-IKI6kpIH+LmpROplyLwBBaCfMgOZOMsygVa6BARD6ahA04VRuJSa6OaVG7kRvSEMD870Vd91rSSw0eegtWyLGg==}
    dependencies:
      '@vitest/utils': 4.1.10
      pathe: 2.0.3
    dev: true

  /@vitest/snapshot@4.1.10:
    resolution: {integrity: sha512-xRkfOT1qpTAi/Ti4Y1LtfRc3kEuqxGw59eN2jN9pRWMtS/XDevekhcFSqvQqjUNGksfjMJu3Y+oJ+4Ypn2OaJw==}
    dependencies:
      '@vitest/pretty-format': 4.1.10
      '@vitest/utils': 4.1.10
      magic-string: 0.30.21
      pathe: 2.0.3
    dev: true

  /@vitest/spy@4.1.10:
    resolution: {integrity: sha512-PLf/Ugvoq5wO/b4rwYCR1h2PSIdXz7wnkQFMiUpLdtM7l6pqVFcQIBEHyT1+l+cj7mNwAfZHzqXqDyjvOuwbDw==}
    dev: true

  /@vitest/utils@4.1.10:
    resolution: {integrity: sha512-fy9am/HWxbaGt/Sawrp90vt6Y6jQwf1RX77cz3uwoJwJVMli/e1IEwRPnMNJ7vKfPTwo0diXifkpPvwH9v7nGA==}
    dependencies:
      '@vitest/pretty-format': 4.1.10
      convert-source-map: 2.0.0
      tinyrainbow: 3.1.0
    dev: true

  /actions-swing@0.0.6(@actions/core@3.0.1)(@actions/exec@3.0.0):
    resolution: {integrity: sha512-2p76nGHdCWUrOyktggBGn/gH/rUvZWsluLmifOw8C4syrTh8FFjfb95bmhZ6ScHPphNEuBak8UHXjErDPKTOgg==}
    engines: {node: '>=18'}
    peerDependencies:
      '@actions/core': '>=1'
      '@actions/exec': '>=1'
    dependencies:
      '@actions/core': registry.npmjs.org/@actions/core@3.0.1
      '@actions/exec': registry.npmjs.org/@actions/exec@3.0.0
    dev: false

  /assertion-error@2.0.1:
    resolution: {integrity: sha512-Izi8RQcffqCeNVgFigKli1ssklIbpHnCYc6AknXGYoB6grJqyeby7jv12JUQgmTAnIDnbck1uxksT4dzN3PWBA==}
    engines: {node: '>=12'}
    dev: true

  /chai@6.2.2:
    resolution: {integrity: sha512-NUPRluOfOiTKBKvWPtSD4PhFvWCqOi0BGStNWs57X9js7XGTprSmFoz5F0tWhR4WPjNeR9jXqdC7/UpSJTnlRg==}
    engines: {node: '>=18'}
    dev: true

  /convert-source-map@2.0.0:
    resolution: {integrity: sha512-Kvp459HrV2FEJ1CAsi1Ku+MY3kasH19TFykTz2xWmMeq6bk2NU3XXvfJ+Q61m0xktWwt+1HSYf3JZsTms3aRJg==}
    dev: true

  /detect-libc@2.1.2:
    resolution: {integrity: sha512-Btj2BOOO83o3WyH59e8MgXsxEQVcarkUOpEYrubB0urwnN10yQ364rsiByU11nZlqWYZm05i/of7io4mzihBtQ==}
    engines: {node: '>=8'}
    dev: true

  /es-module-lexer@2.1.0:
    resolution: {integrity: sha512-n27zTYMjYu1aj4MjCWzSP7G9r75utsaoc8m61weK+W8JMBGGQybd43GstCXZ3WNmSFtGT9wi59qQTW6mhTR5LQ==}
    dev: true

  /estree-walker@3.0.3:
    resolution: {integrity: sha512-7RUKfXgSMMkzt6ZuXmqapOurLGPPfgj6l9uRZ7lRGolvk0y2yocc35LdcxKC5PQZdn2DMqioAQ2NoWcrTKmm6g==}
    dependencies:
      '@types/estree': 1.0.5
    dev: true

  /expect-type@1.3.0:
    resolution: {integrity: sha512-knvyeauYhqjOYvQ66MznSMs83wmHrCycNEN6Ao+2AeYEfxUIkuiVxdEa1qlGEPK+We3n0THiDciYSsCcgW/DoA==}
    engines: {node: '>=12.0.0'}
    dev: true

  /fdir@6.5.0(picomatch@4.0.4):
    resolution: {integrity: sha512-tIbYtZbucOs0BRGqPJkshJUYdL+SDH7dVM8gjy+ERp3WAUjLEFJE+02kanyHtwjWOnwrKYBiwAmM0p4kLJAnXg==}
    engines: {node: '>=12.0.0'}
    peerDependencies:
      picomatch: ^3 || ^4
    peerDependenciesMeta:
      picomatch:
        optional: true
    dependencies:
      picomatch: 4.0.4
    dev: true

  /fsevents@2.3.3:
    resolution: {integrity: sha512-5xoDfX+fL7faATnagmWPpbFtwh/R77WmMMqqHGS65C3vvB0YHrgF+B1YmZ3441tMj5n63k0212XNoJwzlhffQw==}
    engines: {node: ^8.16.0 || ^10.6.0 || >=11.0.0}
    os: [darwin]
    requiresBuild: true
    dev: true
    optional: true

  /lightningcss@1.32.0:
    resolution: {integrity: sha512-NXYBzinNrblfraPGyrbPoD19C1h9lfI/1mzgWYvXUTe414Gz/X1FD2XBZSZM7rRTrMA8JL3OtAaGifrIKhQ5yQ==}
    engines: {node: '>= 12.0.0'}
    dependencies:
      detect-libc: 2.1.2
    optionalDependencies:
      lightningcss-android-arm64: registry.npmjs.org/lightningcss-android-arm64@1.32.0
      lightningcss-darwin-arm64: registry.npmjs.org/lightningcss-darwin-arm64@1.32.0
      lightningcss-darwin-x64: registry.npmjs.org/lightningcss-darwin-x64@1.32.0
      lightningcss-freebsd-x64: registry.npmjs.org/lightningcss-freebsd-x64@1.32.0
      lightningcss-linux-arm-gnueabihf: registry.npmjs.org/lightningcss-linux-arm-gnueabihf@1.32.0
      lightningcss-linux-arm64-gnu: registry.npmjs.org/lightningcss-linux-arm64-gnu@1.32.0
      lightningcss-linux-arm64-musl: registry.npmjs.org/lightningcss-linux-arm64-musl@1.32.0
      lightningcss-linux-x64-gnu: registry.npmjs.org/lightningcss-linux-x64-gnu@1.32.0
      lightningcss-linux-x64-musl: registry.npmjs.org/lightningcss-linux-x64-musl@1.32.0
      lightningcss-win32-arm64-msvc: registry.npmjs.org/lightningcss-win32-arm64-msvc@1.32.0
      lightningcss-win32-x64-msvc: registry.npmjs.org/lightningcss-win32-x64-msvc@1.32.0
    dev: true

  /magic-string@0.30.21:
    resolution: {integrity: sha512-vd2F4YUyEXKGcLHoq+TEyCjxueSeHnFxyyjNp80yg0XV4vUhnDer/lvvlqM/arB5bXQN5K2/3oinyCRyx8T2CQ==}
    dependencies:
      '@jridgewell/sourcemap-codec': 1.5.5
    dev: true

  /nanoid@3.3.12:
    resolution: {integrity: sha512-ZB9RH/39qpq5Vu6Y+NmUaFhQR6pp+M2Xt76XBnEwDaGcVAqhlvxrl3B2bKS5D3NH3QR76v3aSrKaF/Kiy7lEtQ==}
    engines: {node: ^10 || ^12 || ^13.7 || ^14 || >=15.0.1}
    hasBin: true
    dev: true

  /obug@2.1.1:
    resolution: {integrity: sha512-uTqF9MuPraAQ+IsnPf366RG4cP9RtUi7MLO1N3KEc+wb0a6yKpeL0lmk2IB1jY5KHPAlTc6T/JRdC/YqxHNwkQ==}
    dev: true

  /pathe@2.0.3:
    resolution: {integrity: sha512-WUjGcAqP1gQacoQe+OBJsFA7Ld4DyXuUIjZ5cc75cLHvJ7dtNsTugphxIADwspS+AraAUePCKrSVtPLFj/F88w==}
    dev: true

  /picocolors@1.1.1:
    resolution: {integrity: sha512-xceH2snhtb5M9liqDsmEw56le376mTZkEX/jEb/RxNFyegNul7eNslCXP9FDj/Lcu0X8KEyMceP2ntpaHrDEVA==}
    dev: true

  /picomatch@4.0.4:
    resolution: {integrity: sha512-QP88BAKvMam/3NxH6vj2o21R6MjxZUAd6nlwAS/pnGvN9IVLocLHxGYIzFhg6fUQ+5th6P4dv4eW9jX3DSIj7A==}
    engines: {node: '>=12'}
    dev: true

  /postcss@8.5.14:
    resolution: {integrity: sha512-SoSL4+OSEtR99LHFZQiJLkT59C5B1amGO1NzTwj7TT1qCUgUO6hxOvzkOYxD+vMrXBM3XJIKzokoERdqQq/Zmg==}
    engines: {node: ^10 || ^12 || >=14}
    dependencies:
      nanoid: 3.3.12
      picocolors: 1.1.1
      source-map-js: 1.2.1
    dev: true

  /siginfo@2.0.0:
    resolution: {integrity: sha512-ybx0WO1/8bSBLEWXZvEd7gMW3Sn3JFlW3TvX1nREbDLRNQNaeNN8WK0meBwPdAaOI7TtRRRJn/Es1zhrrCHu7g==}
    dev: true

  /source-map-js@1.2.1:
    resolution: {integrity: sha512-UXWMKhLOwVKb728IUtQPXxfYU+usdybtUrK/8uGE8CQMvrhOpwvzDBwj0QhSL7MQc7vIsISBG8VQ8+IDQxpfQA==}
    engines: {node: '>=0.10.0'}
    dev: true

  /std-env@4.1.0:
    resolution: {integrity: sha512-Rq7ybcX2RuC55r9oaPVEW7/xu3tj8u4GeBYHBWCychFtzMIr86A7e3PPEBPT37sHStKX3+TiX/Fr/ACmJLVlLQ==}
    dev: true

  /tinybench@2.9.0:
    resolution: {integrity: sha512-0+DUvqWMValLmha6lr4kD8iAMK1HzV0/aKnCtWb9v9641TnP/MFb7Pc2bxoxQjTXAErryXVgUOfv2YqNllqGeg==}
    dev: true

  /tinyexec@1.1.2:
    resolution: {integrity: sha512-dAqSqE/RabpBKI8+h26GfLq6Vb3JVXs30XYQjdMjaj/c2tS8IYYMbIzP599KtRj7c57/wYApb3QjgRgXmrCukA==}
    engines: {node: '>=18'}
    dev: true

  /tinyglobby@0.2.16:
    resolution: {integrity: sha512-pn99VhoACYR8nFHhxqix+uvsbXineAasWm5ojXoN8xEwK5Kd3/TrhNn1wByuD52UxWRLy8pu+kRMniEi6Eq9Zg==}
    engines: {node: '>=12.0.0'}
    dependencies:
      fdir: 6.5.0(picomatch@4.0.4)
      picomatch: 4.0.4
    dev: true

  /tinyrainbow@3.1.0:
    resolution: {integrity: sha512-Bf+ILmBgretUrdJxzXM0SgXLZ3XfiaUuOj/IKQHuTXip+05Xn+uyEYdVg0kYDipTBcLrCVyUzAPz7QmArb0mmw==}
    engines: {node: '>=14.0.0'}
    dev: true

  /tslib@2.8.1:
    resolution: {integrity: sha512-oJFu94HQb+KVduSUQL7wnpmqnfmLsOA/nAh6b6EH0wCEoK0/mPeXU6c3wKDV83MkOuHPRHtSXKKU99IBazS/2w==}
    requiresBuild: true
    dev: true
    optional: true

  /undici-types@8.3.0:
    resolution: {integrity: sha512-j375ScV60dom+YkPFIfTLcOiPxkN/buHz5GobjLhixFuANaNs3C9l4GmrWqejgXWJ7BbJcFYpTEUkS1Ge8bpZQ==}
    dev: true

  /vite@8.0.10(@types/node@26.2.0):
    resolution: {integrity: sha512-rZuUu9j6J5uotLDs+cAA4O5H4K1SfPliUlQwqa6YEwSrWDZzP4rhm00oJR5snMewjxF5V/K3D4kctsUTsIU9Mw==}
    engines: {node: ^20.19.0 || >=22.12.0}
    hasBin: true
    peerDependencies:
      '@types/node': ^20.19.0 || >=22.12.0
      '@vitejs/devtools': ^0.1.0
      esbuild: ^0.27.0 || ^0.28.0
      jiti: '>=1.21.0'
      less: ^4.0.0
      sass: ^1.70.0
      sass-embedded: ^1.70.0
      stylus: '>=0.54.8'
      sugarss: ^5.0.0
      terser: ^5.16.0
      tsx: ^4.8.1
      yaml: ^2.4.2
    peerDependenciesMeta:
      '@types/node':
        optional: true
      '@vitejs/devtools':
        optional: true
      esbuild:
        optional: true
      jiti:
        optional: true
      less:
        optional: true
      sass:
        optional: true
      sass-embedded:
        optional: true
      stylus:
        optional: true
      sugarss:
        optional: true
      terser:
        optional: true
      tsx:
        optional: true
      yaml:
        optional: true
    dependencies:
      '@types/node': 26.2.0
      lightningcss: 1.32.0
      picomatch: 4.0.4
      postcss: 8.5.14
      rolldown: registry.npmjs.org/rolldown@1.0.0-rc.17
      tinyglobby: 0.2.16
    optionalDependencies:
      fsevents: 2.3.3
    dev: true

  /vitest@4.1.10(@types/node@26.2.0)(vite@8.0.10):
    resolution: {integrity: sha512-R9jUTe5S4Qb0HCd4TNqpC7oGcrMssMRGXLW80ubjWsW9VH5GF8y1Y0SFLY9AbqSk6nt0PnOx4H4WNJYZ13GUPw==}
    engines: {node: ^20.0.0 || ^22.0.0 || >=24.0.0}
    hasBin: true
    peerDependencies:
      '@edge-runtime/vm': '*'
      '@opentelemetry/api': ^1.9.0
      '@types/node': ^20.0.0 || ^22.0.0 || >=24.0.0
      '@vitest/browser-playwright': 4.1.10
      '@vitest/browser-preview': 4.1.10
      '@vitest/browser-webdriverio': 4.1.10
      '@vitest/coverage-istanbul': 4.1.10
      '@vitest/coverage-v8': 4.1.10
      '@vitest/ui': 4.1.10
      happy-dom: '*'
      jsdom: '*'
      vite: ^6.0.0 || ^7.0.0 || ^8.0.0
    peerDependenciesMeta:
      '@edge-runtime/vm':
        optional: true
      '@opentelemetry/api':
        optional: true
      '@types/node':
        optional: true
      '@vitest/browser-playwright':
        optional: true
      '@vitest/browser-preview':
        optional: true
      '@vitest/browser-webdriverio':
        optional: true
      '@vitest/coverage-istanbul':
        optional: true
      '@vitest/coverage-v8':
        optional: true
      '@vitest/ui':
        optional: true
      happy-dom:
        optional: true
      jsdom:
        optional: true
    dependencies:
      '@types/node': 26.2.0
      '@vitest/expect': 4.1.10
      '@vitest/mocker': 4.1.10(vite@8.0.10)
      '@vitest/pretty-format': 4.1.10
      '@vitest/runner': 4.1.10
      '@vitest/snapshot': 4.1.10
      '@vitest/spy': 4.1.10
      '@vitest/utils': 4.1.10
      es-module-lexer: 2.1.0
      expect-type: 1.3.0
      magic-string: 0.30.21
      obug: 2.1.1
      pathe: 2.0.3
      picomatch: 4.0.4
      std-env: 4.1.0
      tinybench: 2.9.0
      tinyexec: 1.1.2
      tinyglobby: 0.2.16
      tinyrainbow: 3.1.0
      vite: 8.0.10(@types/node@26.2.0)
      why-is-node-running: 2.3.0
    transitivePeerDependencies:
      - msw
    dev: true

  /why-is-node-running@2.3.0:
    resolution: {integrity: sha512-hUrmaWBdVDcxvYqnyh09zunKzROWjbZTiNy8dBEjkS7ehEDQibXJ7XvlmtbwuTclUiIyN+CyXQD4Vmko8fNm8w==}
    engines: {node: '>=8'}
    hasBin: true
    dependencies:
      siginfo: 2.0.0
      stackback: registry.npmjs.org/stackback@0.0.2
    dev: true

  registry.npmjs.org/@actions/core@3.0.1:
    resolution: {integrity: sha512-a6d/Nwahm9fliVGRhdhofo40HjHQasUPusmc7vBfyky+7Z+P2A1J68zyFVaNcEclc/Se+eO595oAr5nwEIoIUA==, registry: https://npm.flatt.tech/, tarball: https://registry.npmjs.org/@actions/core/-/core-3.0.1.tgz}
    name: '@actions/core'
    version: 3.0.1
    dependencies:
      '@actions/exec': registry.npmjs.org/@actions/exec@3.0.0
      '@actions/http-client': registry.npmjs.org/@actions/http-client@4.0.1
    dev: false

  registry.npmjs.org/@actions/exec@3.0.0:
    resolution: {integrity: sha512-6xH/puSoNBXb72VPlZVm7vQ+svQpFyA96qdDBvhB8eNZOE8LtPf9L4oAsfzK/crCL8YZ+19fKYVnM63Sl+Xzlw==, registry: https://npm.flatt.tech/, tarball: https://registry.npmjs.org/@actions/exec/-/exec-3.0.0.tgz}
    name: '@actions/exec'
    version: 3.0.0
    dependencies:
      '@actions/io': registry.npmjs.org/@actions/io@3.0.2
    dev: false

  registry.npmjs.org/@actions/http-client@4.0.1:
    resolution: {integrity: sha512-+Nvd1ImaOZBSoPbsUtEhv+1z99H12xzncCkz0a3RuehINE81FZSe2QTj3uvAPTcJX/SCzUQHQ0D1GrPMbrPitg==, registry: https://npm.flatt.tech/, tarball: https://registry.npmjs.org/@actions/http-client/-/http-client-4.0.1.tgz}
    name: '@actions/http-client'
    version: 4.0.1
    dependencies:
      tunnel: registry.npmjs.org/tunnel@0.0.6
      undici: registry.npmjs.org/undici@6.25.0
    dev: false

  registry.npmjs.org/@actions/io@3.0.2:
    resolution: {integrity: sha512-nRBchcMM+QK1pdjO7/idu86rbJI5YHUKCvKs0KxnSYbVe3F51UfGxuZX4Qy/fWlp6l7gWFwIkrOzN+oUK03kfw==, registry: https://npm.flatt.tech/, tarball: https://registry.npmjs.org/@actions/io/-/io-3.0.2.tgz}
    name: '@actions/io'
    version: 3.0.2
    dev: false

  registry.npmjs.org/@actions/tool-cache@4.0.0:
    resolution: {integrity: sha512-L8P9HbXvpvqjZDveb/fdsa55IVC0trfPgQ4ZwGo6r5af6YDVdM9vMGPZ7rgY2fAT9gGj4PSYd6bYlg3p3jD78A==, registry: https://npm.flatt.tech/, tarball: https://registry.npmjs.org/@actions/tool-cache/-/tool-cache-4.0.0.tgz}
    name: '@actions/tool-cache'
    version: 4.0.0
    dependencies:
      '@actions/core': registry.npmjs.org/@actions/core@3.0.1
      '@actions/exec': registry.npmjs.org/@actions/exec@3.0.0
      '@actions/http-client': registry.npmjs.org/@actions/http-client@4.0.1
      '@actions/io': registry.npmjs.org/@actions/io@3.0.2
      semver: registry.npmjs.org/semver@7.7.4
    dev: false

  registry.npmjs.org/@emnapi/core@1.10.0:
    resolution: {integrity: sha512-yq6OkJ4p82CAfPl0u9mQebQHKPJkY7WrIuk205cTYnYe+k2Z8YBh11FrbRG/H6ihirqcacOgl2BIO8oyMQLeXw==, registry: https://npm.flatt.tech/, tarball: https://registry.npmjs.org/@emnapi/core/-/core-1.10.0.tgz}
    name: '@emnapi/core'
    version: 1.10.0
    requiresBuild: true
    dependencies:
      '@emnapi/wasi-threads': registry.npmjs.org/@emnapi/wasi-threads@1.2.1
      tslib: 2.8.1
    dev: true
    optional: true

  registry.npmjs.org/@emnapi/runtime@1.10.0:
    resolution: {integrity: sha512-ewvYlk86xUoGI0zQRNq/mC+16R1QeDlKQy21Ki3oSYXNgLb45GV1P6A0M+/s6nyCuNDqe5VpaY84BzXGwVbwFA==, registry: https://npm.flatt.tech/, tarball: https://registry.npmjs.org/@emnapi/runtime/-/runtime-1.10.0.tgz}
    name: '@emnapi/runtime'
    version: 1.10.0
    requiresBuild: true
    dependencies:
      tslib: 2.8.1
    dev: true
    optional: true

  registry.npmjs.org/@emnapi/wasi-threads@1.2.1:
    resolution: {integrity: sha512-uTII7OYF+/Mes/MrcIOYp5yOtSMLBWSIoLPpcgwipoiKbli6k322tcoFsxoIIxPDqW01SQGAgko4EzZi2BNv2w==, registry: https://npm.flatt.tech/, tarball: https://registry.npmjs.org/@emnapi/wasi-threads/-/wasi-threads-1.2.1.tgz}
    name: '@emnapi/wasi-threads'
    version: 1.2.1
    requiresBuild: true
    dependencies:
      tslib: 2.8.1
    dev: true
    optional: true

  registry.npmjs.org/@oxc-project/types@0.127.0:
    resolution: {integrity: sha512-aIYXQBo4lCbO4z0R3FHeucQHpF46l2LbMdxRvqvuRuW2OxdnSkcng5B8+K12spgLDj93rtN3+J2Vac/TIO+ciQ==, registry: https://npm.flatt.tech/, tarball: https://registry.npmjs.org/@oxc-project/types/-/types-0.127.0.tgz}
    name: '@oxc-project/types'
    version: 0.127.0
    dev: true

  registry.npmjs.org/@rolldown/binding-android-arm64@1.0.0-rc.17:
    resolution: {integrity: sha512-s70pVGhw4zqGeFnXWvAzJDlvxhlRollagdCCKRgOsgUOH3N1l0LIxf83AtGzmb5SiVM4Hjl5HyarMRfdfj3DaQ==, registry: https://npm.flatt.tech/, tarball: https://registry.npmjs.org/@rolldown/binding-android-arm64/-/binding-android-arm64-1.0.0-rc.17.tgz}
    name: '@rolldown/binding-android-arm64'
    version: 1.0.0-rc.17
    engines: {node: ^20.19.0 || >=22.12.0}
    cpu: [arm64]
    os: [android]
    requiresBuild: true
    dev: true
    optional: true

  registry.npmjs.org/@rolldown/binding-darwin-arm64@1.0.0-rc.17:
    resolution: {integrity: sha512-4ksWc9n0mhlZpZ9PMZgTGjeOPRu8MB1Z3Tz0Mo02eWfWCHMW1zN82Qz/pL/rC+yQa+8ZnutMF0JjJe7PjwasYw==, registry: https://npm.flatt.tech/, tarball: https://registry.npmjs.org/@rolldown/binding-darwin-arm64/-/binding-darwin-arm64-1.0.0-rc.17.tgz}
    name: '@rolldown/binding-darwin-arm64'
    version: 1.0.0-rc.17
    engines: {node: ^20.19.0 || >=22.12.0}
    cpu: [arm64]
    os: [darwin]
    requiresBuild: true
    dev: true
    optional: true

  registry.npmjs.org/@rolldown/binding-darwin-x64@1.0.0-rc.17:
    resolution: {integrity: sha512-SUSDOI6WwUVNcWxd02QEBjLdY1VPHvlEkw6T/8nYG322iYWCTxRb1vzk4E+mWWYehTp7ERibq54LSJGjmouOsw==, registry: https://npm.flatt.tech/, tarball: https://registry.npmjs.org/@rolldown/binding-darwin-x64/-/binding-darwin-x64-1.0.0-rc.17.tgz}
    name: '@rolldown/binding-darwin-x64'
    version: 1.0.0-rc.17
    engines: {node: ^20.19.0 || >=22.12.0}
    cpu: [x64]
    os: [darwin]
    requiresBuild: true
    dev: true
    optional: true

  registry.npmjs.org/@rolldown/binding-freebsd-x64@1.0.0-rc.17:
    resolution: {integrity: sha512-hwnz3nw9dbJ05EDO/PvcjaaewqqDy7Y1rn1UO81l8iIK1GjenME75dl16ajbvSSMfv66WXSRCYKIqfgq2KCfxw==, registry: https://npm.flatt.tech/, tarball: https://registry.npmjs.org/@rolldown/binding-freebsd-x64/-/binding-freebsd-x64-1.0.0-rc.17.tgz}
    name: '@rolldown/binding-freebsd-x64'
    version: 1.0.0-rc.17
    engines: {node: ^20.19.0 || >=22.12.0}
    cpu: [x64]
    os: [freebsd]
    requiresBuild: true
    dev: true
    optional: true

  registry.npmjs.org/@rolldown/binding-linux-arm-gnueabihf@1.0.0-rc.17:
    resolution: {integrity: sha512-IS+W7epTcwANmFSQFrS1SivEXHtl1JtuQA9wlxrZTcNi6mx+FDOYrakGevvvTwgj2JvWiK8B29/qD9BELZPyXQ==, registry: https://npm.flatt.tech/, tarball: https://registry.npmjs.org/@rolldown/binding-linux-arm-gnueabihf/-/binding-linux-arm-gnueabihf-1.0.0-rc.17.tgz}
    name: '@rolldown/binding-linux-arm-gnueabihf'
    version: 1.0.0-rc.17
    engines: {node: ^20.19.0 || >=22.12.0}
    cpu: [arm]
    os: [linux]
    requiresBuild: true
    dev: true
    optional: true

  registry.npmjs.org/@rolldown/binding-linux-arm64-gnu@1.0.0-rc.17:
    resolution: {integrity: sha512-e6usGaHKW5BMNZOymS1UcEYGowQMWcgZ71Z17Sl/h2+ZziNJ1a9n3Zvcz6LdRyIW5572wBCTH/Z+bKuZouGk9Q==, registry: https://npm.flatt.tech/, tarball: https://registry.npmjs.org/@rolldown/binding-linux-arm64-gnu/-/binding-linux-arm64-gnu-1.0.0-rc.17.tgz}
    name: '@rolldown/binding-linux-arm64-gnu'
    version: 1.0.0-rc.17
    engines: {node: ^20.19.0 || >=22.12.0}
    cpu: [arm64]
    os: [linux]
    requiresBuild: true
    dev: true
    optional: true

  registry.npmjs.org/@rolldown/binding-linux-arm64-musl@1.0.0-rc.17:
    resolution: {integrity: sha512-b/CgbwAJpmrRLp02RPfhbudf5tZnN9nsPWK82znefso832etkem8H7FSZwxrOI9djcdTP7U6YfNhbRnh7djErg==, registry: https://npm.flatt.tech/, tarball: https://registry.npmjs.org/@rolldown/binding-linux-arm64-musl/-/binding-linux-arm64-musl-1.0.0-rc.17.tgz}
    name: '@rolldown/binding-linux-arm64-musl'
    version: 1.0.0-rc.17
    engines: {node: ^20.19.0 || >=22.12.0}
    cpu: [arm64]
    os: [linux]
    requiresBuild: true
    dev: true
    optional: true

  registry.npmjs.org/@rolldown/binding-linux-ppc64-gnu@1.0.0-rc.17:
    resolution: {integrity: sha512-4EII1iNGRUN5WwGbF/kOh/EIkoDN9HsupgLQoXfY+D1oyJm7/F4t5PYU5n8SWZgG0FEwakyM8pGgwcBYruGTlA==, registry: https://npm.flatt.tech/, tarball: https://registry.npmjs.org/@rolldown/binding-linux-ppc64-gnu/-/binding-linux-ppc64-gnu-1.0.0-rc.17.tgz}
    name: '@rolldown/binding-linux-ppc64-gnu'
    version: 1.0.0-rc.17
    engines: {node: ^20.19.0 || >=22.12.0}
    cpu: [ppc64]
    os: [linux]
    requiresBuild: true
    dev: true
    optional: true

  registry.npmjs.org/@rolldown/binding-linux-s390x-gnu@1.0.0-rc.17:
    resolution: {integrity: sha512-AH8oq3XqQo4IibpVXvPeLDI5pzkpYn0WiZAfT05kFzoJ6tQNzwRdDYQ45M8I/gslbodRZwW8uxLhbSBbkv96rA==, registry: https://npm.flatt.tech/, tarball: https://registry.npmjs.org/@rolldown/binding-linux-s390x-gnu/-/binding-linux-s390x-gnu-1.0.0-rc.17.tgz}
    name: '@rolldown/binding-linux-s390x-gnu'
    version: 1.0.0-rc.17
    engines: {node: ^20.19.0 || >=22.12.0}
    cpu: [s390x]
    os: [linux]
    requiresBuild: true
    dev: true
    optional: true

  registry.npmjs.org/@rolldown/binding-linux-x64-gnu@1.0.0-rc.17:
    resolution: {integrity: sha512-cLnjV3xfo7KslbU41Z7z8BH/E1y5mzUYzAqih1d1MDaIGZRCMqTijqLv76/P7fyHuvUcfGsIpqCdddbxLLK9rA==, registry: https://npm.flatt.tech/, tarball: https://registry.npmjs.org/@rolldown/binding-linux-x64-gnu/-/binding-linux-x64-gnu-1.0.0-rc.17.tgz}
    name: '@rolldown/binding-linux-x64-gnu'
    version: 1.0.0-rc.17
    engines: {node: ^20.19.0 || >=22.12.0}
    cpu: [x64]
    os: [linux]
    requiresBuild: true
    dev: true
    optional: true

  registry.npmjs.org/@rolldown/binding-linux-x64-musl@1.0.0-rc.17:
    resolution: {integrity: sha512-0phclDw1spsL7dUB37sIARuis2tAgomCJXAHZlpt8PXZ4Ba0dRP1e+66lsRqrfhISeN9bEGNjQs+T/Fbd7oYGw==, registry: https://npm.flatt.tech/, tarball: https://registry.npmjs.org/@rolldown/binding-linux-x64-musl/-/binding-linux-x64-musl-1.0.0-rc.17.tgz}
    name: '@rolldown/binding-linux-x64-musl'
    version: 1.0.0-rc.17
    engines: {node: ^20.19.0 || >=22.12.0}
    cpu: [x64]
    os: [linux]
    requiresBuild: true
    dev: true
    optional: true

  registry.npmjs.org/@rolldown/binding-openharmony-arm64@1.0.0-rc.17:
    resolution: {integrity: sha512-0ag/hEgXOwgw4t8QyQvUCxvEg+V0KBcA6YuOx9g0r02MprutRF5dyljgm3EmR02O292UX7UeS6HzWHAl6KgyhA==, registry: https://npm.flatt.tech/, tarball: https://registry.npmjs.org/@rolldown/binding-openharmony-arm64/-/binding-openharmony-arm64-1.0.0-rc.17.tgz}
    name: '@rolldown/binding-openharmony-arm64'
    version: 1.0.0-rc.17
    engines: {node: ^20.19.0 || >=22.12.0}
    cpu: [arm64]
    os: [openharmony]
    requiresBuild: true
    dev: true
    optional: true

  registry.npmjs.org/@rolldown/binding-wasm32-wasi@1.0.0-rc.17:
    resolution: {integrity: sha512-LEXei6vo0E5wTGwpkJ4KoT3OZJRnglwldt5ziLzOlc6qqb55z4tWNq2A+PFqCJuvWWdP53CVhG1Z9NtToDPJrA==, registry: https://npm.flatt.tech/, tarball: https://registry.npmjs.org/@rolldown/binding-wasm32-wasi/-/binding-wasm32-wasi-1.0.0-rc.17.tgz}
    name: '@rolldown/binding-wasm32-wasi'
    version: 1.0.0-rc.17
    engines: {node: ^20.19.0 || >=22.12.0}
    cpu: [wasm32]
    requiresBuild: true
    dependencies:
      '@emnapi/core': registry.npmjs.org/@emnapi/core@1.10.0
      '@emnapi/runtime': registry.npmjs.org/@emnapi/runtime@1.10.0
      '@napi-rs/wasm-runtime': 1.1.4(@emnapi/core@1.10.0)(@emnapi/runtime@1.10.0)
    dev: true
    optional: true

  registry.npmjs.org/@rolldown/binding-win32-arm64-msvc@1.0.0-rc.17:
    resolution: {integrity: sha512-gUmyzBl3SPMa6hrqFUth9sVfcLBlYsbMzBx5PlexMroZStgzGqlZ26pYG89rBb45Mnia+oil6YAIFeEWGWhoZA==, registry: https://npm.flatt.tech/, tarball: https://registry.npmjs.org/@rolldown/binding-win32-arm64-msvc/-/binding-win32-arm64-msvc-1.0.0-rc.17.tgz}
    name: '@rolldown/binding-win32-arm64-msvc'
    version: 1.0.0-rc.17
    engines: {node: ^20.19.0 || >=22.12.0}
    cpu: [arm64]
    os: [win32]
    requiresBuild: true
    dev: true
    optional: true

  registry.npmjs.org/@rolldown/binding-win32-x64-msvc@1.0.0-rc.17:
    resolution: {integrity: sha512-3hkiolcUAvPB9FLb3UZdfjVVNWherN1f/skkGWJP/fgSQhYUZpSIRr0/I8ZK9TkF3F7kxvJAk0+IcKvPHk9qQg==, registry: https://npm.flatt.tech/, tarball: https://registry.npmjs.org/@rolldown/binding-win32-x64-msvc/-/binding-win32-x64-msvc-1.0.0-rc.17.tgz}
    name: '@rolldown/binding-win32-x64-msvc'
    version: 1.0.0-rc.17
    engines: {node: ^20.19.0 || >=22.12.0}
    cpu: [x64]
    os: [win32]
    requiresBuild: true
    dev: true
    optional: true

  registry.npmjs.org/@rolldown/pluginutils@1.0.0-rc.17:
    resolution: {integrity: sha512-n8iosDOt6Ig1UhJ2AYqoIhHWh/isz0xpicHTzpKBeotdVsTEcxsSA/i3EVM7gQAj0rU27OLAxCjzlj15IWY7bg==, registry: https://npm.flatt.tech/, tarball: https://registry.npmjs.org/@rolldown/pluginutils/-/pluginutils-1.0.0-rc.17.tgz}
    name: '@rolldown/pluginutils'
    version: 1.0.0-rc.17
    dev: true

  registry.npmjs.org/lightningcss-android-arm64@1.32.0:
    resolution: {integrity: sha512-YK7/ClTt4kAK0vo6w3X+Pnm0D2cf2vPHbhOXdoNti1Ga0al1P4TBZhwjATvjNwLEBCnKvjJc2jQgHXH0NEwlAg==, registry: https://npm.flatt.tech/, tarball: https://registry.npmjs.org/lightningcss-android-arm64/-/lightningcss-android-arm64-1.32.0.tgz}
    name: lightningcss-android-arm64
    version: 1.32.0
    engines: {node: '>= 12.0.0'}
    cpu: [arm64]
    os: [android]
    requiresBuild: true
    dev: true
    optional: true

  registry.npmjs.org/lightningcss-darwin-arm64@1.32.0:
    resolution: {integrity: sha512-RzeG9Ju5bag2Bv1/lwlVJvBE3q6TtXskdZLLCyfg5pt+HLz9BqlICO7LZM7VHNTTn/5PRhHFBSjk5lc4cmscPQ==, registry: https://npm.flatt.tech/, tarball: https://registry.npmjs.org/lightningcss-darwin-arm64/-/lightningcss-darwin-arm64-1.32.0.tgz}
    name: lightningcss-darwin-arm64
    version: 1.32.0
    engines: {node: '>= 12.0.0'}
    cpu: [arm64]
    os: [darwin]
    requiresBuild: true
    dev: true
    optional: true

  registry.npmjs.org/lightningcss-darwin-x64@1.32.0:
    resolution: {integrity: sha512-U+QsBp2m/s2wqpUYT/6wnlagdZbtZdndSmut/NJqlCcMLTWp5muCrID+K5UJ6jqD2BFshejCYXniPDbNh73V8w==, registry: https://npm.flatt.tech/, tarball: https://registry.npmjs.org/lightningcss-darwin-x64/-/lightningcss-darwin-x64-1.32.0.tgz}
    name: lightningcss-darwin-x64
    version: 1.32.0
    engines: {node: '>= 12.0.0'}
    cpu: [x64]
    os: [darwin]
    requiresBuild: true
    dev: true
    optional: true

  registry.npmjs.org/lightningcss-freebsd-x64@1.32.0:
    resolution: {integrity: sha512-JCTigedEksZk3tHTTthnMdVfGf61Fky8Ji2E4YjUTEQX14xiy/lTzXnu1vwiZe3bYe0q+SpsSH/CTeDXK6WHig==, registry: https://npm.flatt.tech/, tarball: https://registry.npmjs.org/lightningcss-freebsd-x64/-/lightningcss-freebsd-x64-1.32.0.tgz}
    name: lightningcss-freebsd-x64
    version: 1.32.0
    engines: {node: '>= 12.0.0'}
    cpu: [x64]
    os: [freebsd]
    requiresBuild: true
    dev: true
    optional: true

  registry.npmjs.org/lightningcss-linux-arm-gnueabihf@1.32.0:
    resolution: {integrity: sha512-x6rnnpRa2GL0zQOkt6rts3YDPzduLpWvwAF6EMhXFVZXD4tPrBkEFqzGowzCsIWsPjqSK+tyNEODUBXeeVHSkw==, registry: https://npm.flatt.tech/, tarball: https://registry.npmjs.org/lightningcss-linux-arm-gnueabihf/-/lightningcss-linux-arm-gnueabihf-1.32.0.tgz}
    name: lightningcss-linux-arm-gnueabihf
    version: 1.32.0
    engines: {node: '>= 12.0.0'}
    cpu: [arm]
    os: [linux]
    requiresBuild: true
    dev: true
    optional: true

  registry.npmjs.org/lightningcss-linux-arm64-gnu@1.32.0:
    resolution: {integrity: sha512-0nnMyoyOLRJXfbMOilaSRcLH3Jw5z9HDNGfT/gwCPgaDjnx0i8w7vBzFLFR1f6CMLKF8gVbebmkUN3fa/kQJpQ==, registry: https://npm.flatt.tech/, tarball: https://registry.npmjs.org/lightningcss-linux-arm64-gnu/-/lightningcss-linux-arm64-gnu-1.32.0.tgz}
    name: lightningcss-linux-arm64-gnu
    version: 1.32.0
    engines: {node: '>= 12.0.0'}
    cpu: [arm64]
    os: [linux]
    requiresBuild: true
    dev: true
    optional: true

  registry.npmjs.org/lightningcss-linux-arm64-musl@1.32.0:
    resolution: {integrity: sha512-UpQkoenr4UJEzgVIYpI80lDFvRmPVg6oqboNHfoH4CQIfNA+HOrZ7Mo7KZP02dC6LjghPQJeBsvXhJod/wnIBg==, registry: https://npm.flatt.tech/, tarball: https://registry.npmjs.org/lightningcss-linux-arm64-musl/-/lightningcss-linux-arm64-musl-1.32.0.tgz}
    name: lightningcss-linux-arm64-musl
    version: 1.32.0
    engines: {node: '>= 12.0.0'}
    cpu: [arm64]
    os: [linux]
    requiresBuild: true
    dev: true
    optional: true

  registry.npmjs.org/lightningcss-linux-x64-gnu@1.32.0:
    resolution: {integrity: sha512-V7Qr52IhZmdKPVr+Vtw8o+WLsQJYCTd8loIfpDaMRWGUZfBOYEJeyJIkqGIDMZPwPx24pUMfwSxxI8phr/MbOA==, registry: https://npm.flatt.tech/, tarball: https://registry.npmjs.org/lightningcss-linux-x64-gnu/-/lightningcss-linux-x64-gnu-1.32.0.tgz}
    name: lightningcss-linux-x64-gnu
    version: 1.32.0
    engines: {node: '>= 12.0.0'}
    cpu: [x64]
    os: [linux]
    requiresBuild: true
    dev: true
    optional: true

  registry.npmjs.org/lightningcss-linux-x64-musl@1.32.0:
    resolution: {integrity: sha512-bYcLp+Vb0awsiXg/80uCRezCYHNg1/l3mt0gzHnWV9XP1W5sKa5/TCdGWaR/zBM2PeF/HbsQv/j2URNOiVuxWg==, registry: https://npm.flatt.tech/, tarball: https://registry.npmjs.org/lightningcss-linux-x64-musl/-/lightningcss-linux-x64-musl-1.32.0.tgz}
    name: lightningcss-linux-x64-musl
    version: 1.32.0
    engines: {node: '>= 12.0.0'}
    cpu: [x64]
    os: [linux]
    requiresBuild: true
    dev: true
    optional: true

  registry.npmjs.org/lightningcss-win32-arm64-msvc@1.32.0:
    resolution: {integrity: sha512-8SbC8BR40pS6baCM8sbtYDSwEVQd4JlFTOlaD3gWGHfThTcABnNDBda6eTZeqbofalIJhFx0qKzgHJmcPTnGdw==, registry: https://npm.flatt.tech/, tarball: https://registry.npmjs.org/lightningcss-win32-arm64-msvc/-/lightningcss-win32-arm64-msvc-1.32.0.tgz}
    name: lightningcss-win32-arm64-msvc
    version: 1.32.0
    engines: {node: '>= 12.0.0'}
    cpu: [arm64]
    os: [win32]
    requiresBuild: true
    dev: true
    optional: true

  registry.npmjs.org/lightningcss-win32-x64-msvc@1.32.0:
    resolution: {integrity: sha512-Amq9B/SoZYdDi1kFrojnoqPLxYhQ4Wo5XiL8EVJrVsB8ARoC1PWW6VGtT0WKCemjy8aC+louJnjS7U18x3b06Q==, registry: https://npm.flatt.tech/, tarball: https://registry.npmjs.org/lightningcss-win32-x64-msvc/-/lightningcss-win32-x64-msvc-1.32.0.tgz}
    name: lightningcss-win32-x64-msvc
    version: 1.32.0
    engines: {node: '>= 12.0.0'}
    cpu: [x64]
    os: [win32]
    requiresBuild: true
    dev: true
    optional: true

  registry.npmjs.org/rolldown@1.0.0-rc.17:
    resolution: {integrity: sha512-ZrT53oAKrtA4+YtBWPQbtPOxIbVDbxT0orcYERKd63VJTF13zPcgXTvD4843L8pcsI7M6MErt8QtON6lrB9tyA==, registry: https://npm.flatt.tech/, tarball: https://registry.npmjs.org/rolldown/-/rolldown-1.0.0-rc.17.tgz}
    name: rolldown
    version: 1.0.0-rc.17
    engines: {node: ^20.19.0 || >=22.12.0}
    hasBin: true
    dependencies:
      '@oxc-project/types': registry.npmjs.org/@oxc-project/types@0.127.0
      '@rolldown/pluginutils': registry.npmjs.org/@rolldown/pluginutils@1.0.0-rc.17
    optionalDependencies:
      '@rolldown/binding-android-arm64': registry.npmjs.org/@rolldown/binding-android-arm64@1.0.0-rc.17
      '@rolldown/binding-darwin-arm64': registry.npmjs.org/@rolldown/binding-darwin-arm64@1.0.0-rc.17
      '@rolldown/binding-darwin-x64': registry.npmjs.org/@rolldown/binding-darwin-x64@1.0.0-rc.17
      '@rolldown/binding-freebsd-x64': registry.npmjs.org/@rolldown/binding-freebsd-x64@1.0.0-rc.17
      '@rolldown/binding-linux-arm-gnueabihf': registry.npmjs.org/@rolldown/binding-linux-arm-gnueabihf@1.0.0-rc.17
      '@rolldown/binding-linux-arm64-gnu': registry.npmjs.org/@rolldown/binding-linux-arm64-gnu@1.0.0-rc.17
      '@rolldown/binding-linux-arm64-musl': registry.npmjs.org/@rolldown/binding-linux-arm64-musl@1.0.0-rc.17
      '@rolldown/binding-linux-ppc64-gnu': registry.npmjs.org/@rolldown/binding-linux-ppc64-gnu@1.0.0-rc.17
      '@rolldown/binding-linux-s390x-gnu': registry.npmjs.org/@rolldown/binding-linux-s390x-gnu@1.0.0-rc.17
      '@rolldown/binding-linux-x64-gnu': registry.npmjs.org/@rolldown/binding-linux-x64-gnu@1.0.0-rc.17
      '@rolldown/binding-linux-x64-musl': registry.npmjs.org/@rolldown/binding-linux-x64-musl@1.0.0-rc.17
      '@rolldown/binding-openharmony-arm64': registry.npmjs.org/@rolldown/binding-openharmony-arm64@1.0.0-rc.17
      '@rolldown/binding-wasm32-wasi': registry.npmjs.org/@rolldown/binding-wasm32-wasi@1.0.0-rc.17
      '@rolldown/binding-win32-arm64-msvc': registry.npmjs.org/@rolldown/binding-win32-arm64-msvc@1.0.0-rc.17
      '@rolldown/binding-win32-x64-msvc': registry.npmjs.org/@rolldown/binding-win32-x64-msvc@1.0.0-rc.17
    dev: true

  registry.npmjs.org/semver@7.7.4:
    resolution: {integrity: sha512-vFKC2IEtQnVhpT78h1Yp8wzwrf8CM+MzKMHGJZfBtzhZNycRFnXsHk6E5TxIkkMsgNS7mdX3AGB7x2QM2di4lA==, registry: https://npm.flatt.tech/, tarball: https://registry.npmjs.org/semver/-/semver-7.7.4.tgz}
    name: semver
    version: 7.7.4
    engines: {node: '>=10'}
    hasBin: true
    dev: false

  registry.npmjs.org/stackback@0.0.2:
    resolution: {integrity: sha512-1XMJE5fQo1jGH6Y/7ebnwPOBEkIEnT4QF32d5R1+VXdXveM0IBMJt8zfaxX1P3QhVwrYe+576+jkANtSS2mBbw==, registry: https://npm.flatt.tech/, tarball: https://registry.npmjs.org/stackback/-/stackback-0.0.2.tgz}
    name: stackback
    version: 0.0.2
    dev: true

  registry.npmjs.org/tunnel@0.0.6:
    resolution: {integrity: sha512-1h/Lnq9yajKY2PEbBadPXj3VxsDDu844OnaAo52UVmIzIvwwtBPIuNvkjuzBlTWpfJyUbG3ez0KSBibQkj4ojg==, registry: https://npm.flatt.tech/, tarball: https://registry.npmjs.org/tunnel/-/tunnel-0.0.6.tgz}
    name: tunnel
    version: 0.0.6
    engines: {node: '>=0.6.11 <=0.7.0 || >=0.7.3'}
    dev: false

  registry.npmjs.org/typescript@6.0.3:
    resolution: {integrity: sha512-y2TvuxSZPDyQakkFRPZHKFm+KKVqIisdg9/CZwm9ftvKXLP8NRWj38/ODjNbr43SsoXqNuAisEf1GdCxqWcdBw==, registry: https://npm.flatt.tech/, tarball: https://registry.npmjs.org/typescript/-/typescript-6.0.3.tgz}
    name: typescript
    version: 6.0.3
    engines: {node: '>=14.17'}
    hasBin: true
    dev: true

  registry.npmjs.org/undici@6.25.0:
    resolution: {integrity: sha512-ZgpWDC5gmNiuY9CnLVXEH8rl50xhRCuLNA97fAUnKi8RRuV4E6KG31pDTsLVUKnohJE0I3XDrTeEydAXRw47xg==, registry: https://npm.flatt.tech/, tarball: https://registry.npmjs.org/undici/-/undici-6.25.0.tgz}
    name: undici
    version: 6.25.0
    engines: {node: '>=18.17'}
    dev: false
