lockfileVersion: '6.0'

settings:
  autoInstallPeers: true
  excludeLinksFromLockfile: false

dependencies:
  '@actions/core':
    specifier: ^3.0.1
    version: registry.npmjs.org/@actions/core@3.0.1
  '@actions/exec':
    specifier: ^3.0.0
    version: registry.npmjs.org/@actions/exec@3.0.0
  '@actions/http-client':
    specifier: ^4.0.1
    version: registry.npmjs.org/@actions/http-client@4.0.1
  '@actions/io':
    specifier: ^3.0.2
    version: registry.npmjs.org/@actions/io@3.0.2
  '@actions/tool-cache':
    specifier: ^4.0.0
    version: registry.npmjs.org/@actions/tool-cache@4.0.0
  actions-swing:
    specifier: ^0.0.6
    version: 0.0.6(@actions/core@3.0.1)(@actions/exec@3.0.0)

devDependencies:
  '@biomejs/biome':
    specifier: ^2.4.14
    version: registry.npmjs.org/@biomejs/biome@2.4.14
  '@types/node':
    specifier: ^20.6.2
    version: 20.6.2
  '@vercel/ncc':
    specifier: ^0.38.4
    version: registry.npmjs.org/@vercel/ncc@0.38.4
  typescript:
    specifier: ^6.0.3
    version: registry.npmjs.org/typescript@6.0.3
  vitest:
    specifier: ^2.0.2
    version: 2.0.2(@types/node@20.6.2)

packages:

  /@ampproject/remapping@2.3.0:
    resolution: {integrity: sha512-30iZtAPgz+LTIYoeivqYo853f02jBYSd5uGnGpkFV0M3xOt9aN73erkgYAmZU43x4VfqcnLxW9Kpg3R5LC4YYw==}
    engines: {node: '>=6.0.0'}
    dependencies:
      '@jridgewell/gen-mapping': 0.3.5
      '@jridgewell/trace-mapping': 0.3.25
    dev: true

  /@jridgewell/gen-mapping@0.3.5:
    resolution: {integrity: sha512-IzL8ZoEDIBRWEzlCcRhOaCupYyN5gdIK+Q6fbFdPDg6HqX6jpkItn7DFIpW9LQzXG6Df9sA7+OKnq0qlz/GaQg==}
    engines: {node: '>=6.0.0'}
    dependencies:
      '@jridgewell/set-array': 1.2.1
      '@jridgewell/sourcemap-codec': 1.4.15
      '@jridgewell/trace-mapping': 0.3.25
    dev: true

  /@jridgewell/resolve-uri@3.1.2:
    resolution: {integrity: sha512-bRISgCIjP20/tbWSPWMEi54QVPRZExkuD9lJL+UIxUKtwVJA8wW1Trb1jMs1RFXo1CBTNZ/5hpC9QvmKWdopKw==}
    engines: {node: '>=6.0.0'}
    dev: true

  /@jridgewell/set-array@1.2.1:
    resolution: {integrity: sha512-R8gLRTZeyp03ymzP/6Lil/28tGeGEzhx1q2k703KGWRAI1VdvPIXdG70VJc2pAMw3NA6JKL5hhFu1sJX0Mnn/A==}
    engines: {node: '>=6.0.0'}
    dev: true

  /@jridgewell/sourcemap-codec@1.4.15:
    resolution: {integrity: sha512-eF2rxCRulEKXHTRiDrDy6erMYWqNw4LPdQ8UQA4huuxaQsVeRPFl2oM8oDGxMFhJUWZf9McpLtJasDDZb/Bpeg==}
    dev: true

  /@jridgewell/trace-mapping@0.3.25:
    resolution: {integrity: sha512-vNk6aEwybGtawWmy/PzwnGDOjCkLWSD2wqvjGGAgOAwCGWySYXfYoxt00IJkTF+8Lb57DwOb3Aa0o9CApepiYQ==}
    dependencies:
      '@jridgewell/resolve-uri': 3.1.2
      '@jridgewell/sourcemap-codec': 1.4.15
    dev: true

  /@types/estree@1.0.5:
    resolution: {integrity: sha512-/kYRxGDLWzHOB7q+wtSUQlFrtcdUccpfy+X+9iMBpHK8QLLhx2wIPYuS5DYtR9Wa/YlZAbIovy7qVdB1Aq6Lyw==}
    dev: true

  /@types/node@20.6.2:
    resolution: {integrity: sha512-Y+/1vGBHV/cYk6OI1Na/LHzwnlNCAfU3ZNGrc1LdRe/LAIbdDPTTv/HU3M7yXN448aTVDq3eKRm2cg7iKLb8gw==}
    dev: true

  /@vitest/expect@2.0.2:
    resolution: {integrity: sha512-nKAvxBYqcDugYZ4nJvnm5OR8eDJdgWjk4XM9owQKUjzW70q0icGV2HVnQOyYsp906xJaBDUXw0+9EHw2T8e0mQ==}
    dependencies:
      '@vitest/spy': 2.0.2
      '@vitest/utils': 2.0.2
      chai: 5.1.1
      tinyrainbow: 1.2.0
    dev: true

  /@vitest/pretty-format@2.0.2:
    resolution: {integrity: sha512-SBCyOXfGVvddRd9r2PwoVR0fonQjh9BMIcBMlSzbcNwFfGr6ZhOhvBzurjvi2F4ryut2HcqiFhNeDVGwru8tLg==}
    dependencies:
      tinyrainbow: 1.2.0
    dev: true

  /@vitest/runner@2.0.2:
    resolution: {integrity: sha512-OCh437Vi8Wdbif1e0OvQcbfM3sW4s2lpmOjAE7qfLrpzJX2M7J1IQlNvEcb/fu6kaIB9n9n35wS0G2Q3en5kHg==}
    dependencies:
      '@vitest/utils': 2.0.2
      pathe: 1.1.2
    dev: true

  /@vitest/snapshot@2.0.2:
    resolution: {integrity: sha512-Yc2ewhhZhx+0f9cSUdfzPRcsM6PhIb+S43wxE7OG0kTxqgqzo8tHkXFuFlndXeDMp09G3sY/X5OAo/RfYydf1g==}
    dependencies:
      '@vitest/pretty-format': 2.0.2
      magic-string: 0.30.10
      pathe: 1.1.2
    dev: true

  /@vitest/spy@2.0.2:
    resolution: {integrity: sha512-MgwJ4AZtCgqyp2d7WcQVE8aNG5vQ9zu9qMPYQHjsld/QVsrvg78beNrXdO4HYkP0lDahCO3P4F27aagIag+SGQ==}
    dependencies:
      tinyspy: 3.0.0
    dev: true

  /@vitest/utils@2.0.2:
    resolution: {integrity: sha512-pxCY1v7kmOCWYWjzc0zfjGTA3Wmn8PKnlPvSrsA643P1NHl1fOyXj2Q9SaNlrlFE+ivCsxM80Ov3AR82RmHCWQ==}
    dependencies:
      '@vitest/pretty-format': 2.0.2
      estree-walker: 3.0.3
      loupe: 3.1.1
      tinyrainbow: 1.2.0
    dev: true

  /actions-swing@0.0.6(@actions/core@3.0.1)(@actions/exec@3.0.0):
    resolution: {integrity: sha512-2p76nGHdCWUrOyktggBGn/gH/rUvZWsluLmifOw8C4syrTh8FFjfb95bmhZ6ScHPphNEuBak8UHXjErDPKTOgg==}
    engines: {node: '>=18'}
    peerDependencies:
      '@actions/core': '>=1'
      '@actions/exec': '>=1'
    dependencies:
      '@actions/core': registry.npmjs.org/@actions/core@3.0.1
      '@actions/exec': registry.npmjs.org/@actions/exec@3.0.0
    dev: false

  /assertion-error@2.0.1:
    resolution: {integrity: sha512-Izi8RQcffqCeNVgFigKli1ssklIbpHnCYc6AknXGYoB6grJqyeby7jv12JUQgmTAnIDnbck1uxksT4dzN3PWBA==}
    engines: {node: '>=12'}
    dev: true

  /cac@6.7.14:
    resolution: {integrity: sha512-b6Ilus+c3RrdDk+JhLKUAQfzzgLEPy6wcXqS7f/xe1EETvsDP6GORG7SFuOs6cID5YkqchW/LXZbX5bc8j7ZcQ==}
    engines: {node: '>=8'}
    dev: true

  /chai@5.1.1:
    resolution: {integrity: sha512-pT1ZgP8rPNqUgieVaEY+ryQr6Q4HXNg8Ei9UnLUrjN4IA7dvQC5JB+/kxVcPNDHyBcc/26CXPkbNzq3qwrOEKA==}
    engines: {node: '>=12'}
    dependencies:
      assertion-error: 2.0.1
      check-error: 2.1.1
      deep-eql: 5.0.2
      loupe: 3.1.1
      pathval: 2.0.0
    dev: true

  /check-error@2.1.1:
    resolution: {integrity: sha512-OAlb+T7V4Op9OwdkjmguYRqncdlx5JiofwOAUkmTF+jNdHwzTaTs4sRAGpzLF3oOz5xAyDGrPgeIDFQmDOTiJw==}
    engines: {node: '>= 16'}
    dev: true

  /cross-spawn@7.0.3:
    resolution: {integrity: sha512-iRDPJKUPVEND7dHPO8rkbOnPpyDygcDFtWjpeWNCgy8WP2rXcxXL8TskReQl6OrB2G7+UJrags1q15Fudc7G6w==}
    engines: {node: '>= 8'}
    dependencies:
      path-key: 3.1.1
      shebang-command: 2.0.0
      which: 2.0.2
    dev: true

  /debug@4.3.5:
    resolution: {integrity: sha512-pt0bNEmneDIvdL1Xsd9oDQ/wrQRkXDT4AUWlNZNPKvW5x/jyO9VFXkJUP07vQ2upmw5PlaITaPKc31jK13V+jg==}
    engines: {node: '>=6.0'}
    peerDependencies:
      supports-color: '*'
    peerDependenciesMeta:
      supports-color:
        optional: true
    dependencies:
      ms: 2.1.2
    dev: true

  /deep-eql@5.0.2:
    resolution: {integrity: sha512-h5k/5U50IJJFpzfL6nO9jaaumfjO/f2NjK/oYB2Djzm4p9L+3T9qWpZqZ2hAbLPuuYq9wrU08WQyBTL5GbPk5Q==}
    engines: {node: '>=6'}
    dev: true

  /esbuild@0.20.2:
    resolution: {integrity: sha512-WdOOppmUNU+IbZ0PaDiTst80zjnrOkyJNHoKupIcVyU8Lvla3Ugx94VzkQ32Ijqd7UhHJy75gNWDMUekcrSJ6g==}
    engines: {node: '>=12'}
    hasBin: true
    requiresBuild: true
    optionalDependencies:
      '@esbuild/aix-ppc64': registry.npmjs.org/@esbuild/aix-ppc64@0.20.2
      '@esbuild/android-arm': registry.npmjs.org/@esbuild/android-arm@0.20.2
      '@esbuild/android-arm64': registry.npmjs.org/@esbuild/android-arm64@0.20.2
      '@esbuild/android-x64': registry.npmjs.org/@esbuild/android-x64@0.20.2
      '@esbuild/darwin-arm64': registry.npmjs.org/@esbuild/darwin-arm64@0.20.2
      '@esbuild/darwin-x64': registry.npmjs.org/@esbuild/darwin-x64@0.20.2
      '@esbuild/freebsd-arm64': registry.npmjs.org/@esbuild/freebsd-arm64@0.20.2
      '@esbuild/freebsd-x64': registry.npmjs.org/@esbuild/freebsd-x64@0.20.2
      '@esbuild/linux-arm': registry.npmjs.org/@esbuild/linux-arm@0.20.2
      '@esbuild/linux-arm64': registry.npmjs.org/@esbuild/linux-arm64@0.20.2
      '@esbuild/linux-ia32': registry.npmjs.org/@esbuild/linux-ia32@0.20.2
      '@esbuild/linux-loong64': registry.npmjs.org/@esbuild/linux-loong64@0.20.2
      '@esbuild/linux-mips64el': registry.npmjs.org/@esbuild/linux-mips64el@0.20.2
      '@esbuild/linux-ppc64': registry.npmjs.org/@esbuild/linux-ppc64@0.20.2
      '@esbuild/linux-riscv64': registry.npmjs.org/@esbuild/linux-riscv64@0.20.2
      '@esbuild/linux-s390x': registry.npmjs.org/@esbuild/linux-s390x@0.20.2
      '@esbuild/linux-x64': registry.npmjs.org/@esbuild/linux-x64@0.20.2
      '@esbuild/netbsd-x64': registry.npmjs.org/@esbuild/netbsd-x64@0.20.2
      '@esbuild/openbsd-x64': registry.npmjs.org/@esbuild/openbsd-x64@0.20.2
      '@esbuild/sunos-x64': registry.npmjs.org/@esbuild/sunos-x64@0.20.2
      '@esbuild/win32-arm64': registry.npmjs.org/@esbuild/win32-arm64@0.20.2
      '@esbuild/win32-ia32': registry.npmjs.org/@esbuild/win32-ia32@0.20.2
      '@esbuild/win32-x64': registry.npmjs.org/@esbuild/win32-x64@0.20.2
    dev: true

  /estree-walker@3.0.3:
    resolution: {integrity: sha512-7RUKfXgSMMkzt6ZuXmqapOurLGPPfgj6l9uRZ7lRGolvk0y2yocc35LdcxKC5PQZdn2DMqioAQ2NoWcrTKmm6g==}
    dependencies:
      '@types/estree': 1.0.5
    dev: true

  /execa@8.0.1:
    resolution: {integrity: sha512-VyhnebXciFV2DESc+p6B+y0LjSm0krU4OgJN44qFAhBY0TJ+1V61tYD2+wHusZ6F9n5K+vl8k0sTy7PEfV4qpg==}
    engines: {node: '>=16.17'}
    dependencies:
      cross-spawn: 7.0.3
      get-stream: 8.0.1
      human-signals: 5.0.0
      is-stream: 3.0.0
      merge-stream: 2.0.0
      npm-run-path: 5.3.0
      onetime: 6.0.0
      signal-exit: 4.1.0
      strip-final-newline: 3.0.0
    dev: true

  /get-func-name@2.0.2:
    resolution: {integrity: sha512-8vXOvuE167CtIc3OyItco7N/dpRtBbYOsPsXCz7X/PMnlGjYjSGuZJgM1Y7mmew7BKf9BqvLX2tnOVy1BBUsxQ==}
    dev: true

  /get-stream@8.0.1:
    resolution: {integrity: sha512-VaUJspBffn/LMCJVoMvSAdmscJyS1auj5Zulnn5UoYcY531UWmdwhRWkcGKnGU93m5HSXP9LP2usOryrBtQowA==}
    engines: {node: '>=16'}
    dev: true

  /human-signals@5.0.0:
    resolution: {integrity: sha512-AXcZb6vzzrFAUE61HnN4mpLqd/cSIwNQjtNWR0euPm6y0iqx3G4gOXaIDdtdDwZmhwe82LA6+zinmW4UBWVePQ==}
    engines: {node: '>=16.17.0'}
    dev: true

  /is-stream@3.0.0:
    resolution: {integrity: sha512-LnQR4bZ9IADDRSkvpqMGvt/tEJWclzklNgSw48V5EAaAeDd6qGvN8ei6k5p0tvxSR171VmGyHuTiAOfxAbr8kA==}
    engines: {node: ^12.20.0 || ^14.13.1 || >=16.0.0}
    dev: true

  /isexe@2.0.0:
    resolution: {integrity: sha512-RHxMLp9lnKHGHRng9QFhRCMbYAcVpn69smSGcq3f36xjgVVWThj4qqLbTLlq7Ssj8B+fIQ1EuCEGI2lKsyQeIw==}
    dev: true

  /loupe@3.1.1:
    resolution: {integrity: sha512-edNu/8D5MKVfGVFRhFf8aAxiTM6Wumfz5XsaatSxlD3w4R1d/WEKUTydCdPGbl9K7QG/Ca3GnDV2sIKIpXRQcw==}
    dependencies:
      get-func-name: 2.0.2
    dev: true

  /magic-string@0.30.10:
    resolution: {integrity: sha512-iIRwTIf0QKV3UAnYK4PU8uiEc4SRh5jX0mwpIwETPpHdhVM4f53RSwS/vXvN1JhGX+Cs7B8qIq3d6AH49O5fAQ==}
    dependencies:
      '@jridgewell/sourcemap-codec': 1.4.15
    dev: true

  /merge-stream@2.0.0:
    resolution: {integrity: sha512-abv/qOcuPfk3URPfDzmZU1LKmuw8kT+0nIHvKrKgFrwifol/doWcdA4ZqsWQ8ENrFKkd67Mfpo/LovbIUsbt3w==}
    dev: true

  /mimic-fn@4.0.0:
    resolution: {integrity: sha512-vqiC06CuhBTUdZH+RYl8sFrL096vA45Ok5ISO6sE/Mr1jRbGH4Csnhi8f3wKVl7x8mO4Au7Ir9D3Oyv1VYMFJw==}
    engines: {node: '>=12'}
    dev: true

  /ms@2.1.2:
    resolution: {integrity: sha512-sGkPx+VjMtmA6MX27oA4FBFELFCZZ4S4XqeGOXCv68tT+jb3vk/RyaKWP0PTKyWtmLSM0b+adUTEvbs1PEaH2w==}
    dev: true

  /nanoid@3.3.7:
    resolution: {integrity: sha512-eSRppjcPIatRIMC1U6UngP8XFcz8MQWGQdt1MTBQ7NaAmvXDfvNxbvWV3x2y6CdEUciCSsDHDQZbhYaB8QEo2g==}
    engines: {node: ^10 || ^12 || ^13.7 || ^14 || >=15.0.1}
    hasBin: true
    dev: true

  /npm-run-path@5.3.0:
    resolution: {integrity: sha512-ppwTtiJZq0O/ai0z7yfudtBpWIoxM8yE6nHi1X47eFR2EWORqfbu6CnPlNsjeN683eT0qG6H/Pyf9fCcvjnnnQ==}
    engines: {node: ^12.20.0 || ^14.13.1 || >=16.0.0}
    dependencies:
      path-key: 4.0.0
    dev: true

  /onetime@6.0.0:
    resolution: {integrity: sha512-1FlR+gjXK7X+AsAHso35MnyN5KqGwJRi/31ft6x0M194ht7S+rWAvd7PHss9xSKMzE0asv1pyIHaJYq+BbacAQ==}
    engines: {node: '>=12'}
    dependencies:
      mimic-fn: 4.0.0
    dev: true

  /path-key@3.1.1:
    resolution: {integrity: sha512-ojmeN0qd+y0jszEtoY48r0Peq5dwMEkIlCOu6Q5f41lfkswXuKtYrhgoTpLnyIcHm24Uhqx+5Tqm2InSwLhE6Q==}
    engines: {node: '>=8'}
    dev: true

  /path-key@4.0.0:
    resolution: {integrity: sha512-haREypq7xkM7ErfgIyA0z+Bj4AGKlMSdlQE2jvJo6huWD1EdkKYV+G/T4nq0YEF2vgTT8kqMFKo1uHn950r4SQ==}
    engines: {node: '>=12'}
    dev: true

  /pathe@1.1.2:
    resolution: {integrity: sha512-whLdWMYL2TwI08hn8/ZqAbrVemu0LNaNNJZX73O6qaIdCTfXutsLhMkjdENX0qhsQ9uIimo4/aQOmXkoon2nDQ==}
    dev: true

  /pathval@2.0.0:
    resolution: {integrity: sha512-vE7JKRyES09KiunauX7nd2Q9/L7lhok4smP9RZTDeD4MVs72Dp2qNFVz39Nz5a0FVEW0BJR6C0DYrq6unoziZA==}
    engines: {node: '>= 14.16'}
    dev: true

  /picocolors@1.0.0:
    resolution: {integrity: sha512-1fygroTLlHu66zi26VoTDv8yRgm0Fccecssto+MhsZ0D/DGW2sm8E8AjW7NU5VVTRt5GxbeZ5qBuJr+HyLYkjQ==}
    dev: true

  /postcss@8.4.38:
    resolution: {integrity: sha512-Wglpdk03BSfXkHoQa3b/oulrotAkwrlLDRSOb9D0bN86FdRyE9lppSp33aHNPgBa0JKCoB+drFLZkQoRRYae5A==}
    engines: {node: ^10 || ^12 || >=14}
    dependencies:
      nanoid: 3.3.7
      picocolors: 1.0.0
      source-map-js: 1.2.0
    dev: true

  /rollup@4.17.2:
    resolution: {integrity: sha512-/9ClTJPByC0U4zNLowV1tMBe8yMEAxewtR3cUNX5BoEpGH3dQEWpJLr6CLp0fPdYRF/fzVOgvDb1zXuakwF5kQ==}
    engines: {node: '>=18.0.0', npm: '>=8.0.0'}
    hasBin: true
    dependencies:
      '@types/estree': 1.0.5
    optionalDependencies:
      '@rollup/rollup-android-arm-eabi': registry.npmjs.org/@rollup/rollup-android-arm-eabi@4.17.2
      '@rollup/rollup-android-arm64': registry.npmjs.org/@rollup/rollup-android-arm64@4.17.2
      '@rollup/rollup-darwin-arm64': registry.npmjs.org/@rollup/rollup-darwin-arm64@4.17.2
      '@rollup/rollup-darwin-x64': registry.npmjs.org/@rollup/rollup-darwin-x64@4.17.2
      '@rollup/rollup-linux-arm-gnueabihf': registry.npmjs.org/@rollup/rollup-linux-arm-gnueabihf@4.17.2
      '@rollup/rollup-linux-arm-musleabihf': registry.npmjs.org/@rollup/rollup-linux-arm-musleabihf@4.17.2
      '@rollup/rollup-linux-arm64-gnu': registry.npmjs.org/@rollup/rollup-linux-arm64-gnu@4.17.2
      '@rollup/rollup-linux-arm64-musl': registry.npmjs.org/@rollup/rollup-linux-arm64-musl@4.17.2
      '@rollup/rollup-linux-powerpc64le-gnu': registry.npmjs.org/@rollup/rollup-linux-powerpc64le-gnu@4.17.2
      '@rollup/rollup-linux-riscv64-gnu': registry.npmjs.org/@rollup/rollup-linux-riscv64-gnu@4.17.2
      '@rollup/rollup-linux-s390x-gnu': registry.npmjs.org/@rollup/rollup-linux-s390x-gnu@4.17.2
      '@rollup/rollup-linux-x64-gnu': registry.npmjs.org/@rollup/rollup-linux-x64-gnu@4.17.2
      '@rollup/rollup-linux-x64-musl': registry.npmjs.org/@rollup/rollup-linux-x64-musl@4.17.2
      '@rollup/rollup-win32-arm64-msvc': registry.npmjs.org/@rollup/rollup-win32-arm64-msvc@4.17.2
      '@rollup/rollup-win32-ia32-msvc': registry.npmjs.org/@rollup/rollup-win32-ia32-msvc@4.17.2
      '@rollup/rollup-win32-x64-msvc': registry.npmjs.org/@rollup/rollup-win32-x64-msvc@4.17.2
      fsevents: registry.npmjs.org/fsevents@2.3.3
    dev: true

  /shebang-command@2.0.0:
    resolution: {integrity: sha512-kHxr2zZpYtdmrN1qDjrrX/Z1rR1kG8Dx+gkpK1G4eXmvXswmcE1hTWBWYUzlraYw1/yZp6YuDY77YtvbN0dmDA==}
    engines: {node: '>=8'}
    dependencies:
      shebang-regex: 3.0.0
    dev: true

  /shebang-regex@3.0.0:
    resolution: {integrity: sha512-7++dFhtcx3353uBaq8DDR4NuxBetBzC7ZQOhmTQInHEd6bSrXdiEyzCvG07Z44UYdLShWUyXt5M/yhz8ekcb1A==}
    engines: {node: '>=8'}
    dev: true

  /siginfo@2.0.0:
    resolution: {integrity: sha512-ybx0WO1/8bSBLEWXZvEd7gMW3Sn3JFlW3TvX1nREbDLRNQNaeNN8WK0meBwPdAaOI7TtRRRJn/Es1zhrrCHu7g==}
    dev: true

  /signal-exit@4.1.0:
    resolution: {integrity: sha512-bzyZ1e88w9O1iNJbKnOlvYTrWPDl46O1bG0D3XInv+9tkPrxrN8jUUTiFlDkkmKWgn1M6CfIA13SuGqOa9Korw==}
    engines: {node: '>=14'}
    dev: true

  /source-map-js@1.2.0:
    resolution: {integrity: sha512-itJW8lvSA0TXEphiRoawsCksnlf8SyvmFzIhltqAHluXd88pkCd+cXJVHTDwdCr0IzwptSm035IHQktUu1QUMg==}
    engines: {node: '>=0.10.0'}
    dev: true

  /stackback@0.0.2:
    resolution: {integrity: sha512-1XMJE5fQo1jGH6Y/7ebnwPOBEkIEnT4QF32d5R1+VXdXveM0IBMJt8zfaxX1P3QhVwrYe+576+jkANtSS2mBbw==}
    dev: true

  /std-env@3.7.0:
    resolution: {integrity: sha512-JPbdCEQLj1w5GilpiHAx3qJvFndqybBysA3qUOnznweH4QbNYUsW/ea8QzSrnh0vNsezMMw5bcVool8lM0gwzg==}
    dev: true

  /strip-final-newline@3.0.0:
    resolution: {integrity: sha512-dOESqjYr96iWYylGObzd39EuNTa5VJxyvVAEm5Jnh7KGo75V43Hk1odPQkNDyXNmUR6k+gEiDVXnjB8HJ3crXw==}
    engines: {node: '>=12'}
    dev: true

  /tinybench@2.8.0:
    resolution: {integrity: sha512-1/eK7zUnIklz4JUUlL+658n58XO2hHLQfSk1Zf2LKieUjxidN16eKFEoDEfjHc3ohofSSqK3X5yO6VGb6iW8Lw==}
    dev: true

  /tinypool@1.0.0:
    resolution: {integrity: sha512-KIKExllK7jp3uvrNtvRBYBWBOAXSX8ZvoaD8T+7KB/QHIuoJW3Pmr60zucywjAlMb5TeXUkcs/MWeWLu0qvuAQ==}
    engines: {node: ^18.0.0 || >=20.0.0}
    dev: true

  /tinyrainbow@1.2.0:
    resolution: {integrity: sha512-weEDEq7Z5eTHPDh4xjX789+fHfF+P8boiFB+0vbWzpbnbsEr/GRaohi/uMKxg8RZMXnl1ItAi/IUHWMsjDV7kQ==}
    engines: {node: '>=14.0.0'}
    dev: true

  /tinyspy@3.0.0:
    resolution: {integrity: sha512-q5nmENpTHgiPVd1cJDDc9cVoYN5x4vCvwT3FMilvKPKneCBZAxn2YWQjDF0UMcE9k0Cay1gBiDfTMU0g+mPMQA==}
    engines: {node: '>=14.0.0'}
    dev: true

  /vite-node@2.0.2(@types/node@20.6.2):
    resolution: {integrity: sha512-w4vkSz1Wo+NIQg8pjlEn0jQbcM/0D+xVaYjhw3cvarTanLLBh54oNiRbsT8PNK5GfuST0IlVXjsNRoNlqvY/fw==}
    engines: {node: ^18.0.0 || >=20.0.0}
    hasBin: true
    dependencies:
      cac: 6.7.14
      debug: 4.3.5
      pathe: 1.1.2
      tinyrainbow: 1.2.0
      vite: 5.2.11(@types/node@20.6.2)
    transitivePeerDependencies:
      - '@types/node'
      - less
      - lightningcss
      - sass
      - stylus
      - sugarss
      - supports-color
      - terser
    dev: true

  /vite@5.2.11(@types/node@20.6.2):
    resolution: {integrity: sha512-HndV31LWW05i1BLPMUCE1B9E9GFbOu1MbenhS58FuK6owSO5qHm7GiCotrNY1YE5rMeQSFBGmT5ZaLEjFizgiQ==}
    engines: {node: ^18.0.0 || >=20.0.0}
    hasBin: true
    peerDependencies:
      '@types/node': ^18.0.0 || >=20.0.0
      less: '*'
      lightningcss: ^1.21.0
      sass: '*'
      stylus: '*'
      sugarss: '*'
      terser: ^5.4.0
    peerDependenciesMeta:
      '@types/node':
        optional: true
      less:
        optional: true
      lightningcss:
        optional: true
      sass:
        optional: true
      stylus:
        optional: true
      sugarss:
        optional: true
      terser:
        optional: true
    dependencies:
      '@types/node': 20.6.2
      esbuild: 0.20.2
      postcss: 8.4.38
      rollup: 4.17.2
    optionalDependencies:
      fsevents: registry.npmjs.org/fsevents@2.3.3
    dev: true

  /vitest@2.0.2(@types/node@20.6.2):
    resolution: {integrity: sha512-WlpZ9neRIjNBIOQwBYfBSr0+of5ZCbxT2TVGKW4Lv0c8+srCFIiRdsP7U009t8mMn821HQ4XKgkx5dVWpyoyLw==}
    engines: {node: ^18.0.0 || >=20.0.0}
    hasBin: true
    peerDependencies:
      '@edge-runtime/vm': '*'
      '@types/node': ^18.0.0 || >=20.0.0
      '@vitest/browser': 2.0.2
      '@vitest/ui': 2.0.2
      happy-dom: '*'
      jsdom: '*'
    peerDependenciesMeta:
      '@edge-runtime/vm':
        optional: true
      '@types/node':
        optional: true
      '@vitest/browser':
        optional: true
      '@vitest/ui':
        optional: true
      happy-dom:
        optional: true
      jsdom:
        optional: true
    dependencies:
      '@ampproject/remapping': 2.3.0
      '@types/node': 20.6.2
      '@vitest/expect': 2.0.2
      '@vitest/pretty-format': 2.0.2
      '@vitest/runner': 2.0.2
      '@vitest/snapshot': 2.0.2
      '@vitest/spy': 2.0.2
      '@vitest/utils': 2.0.2
      chai: 5.1.1
      debug: 4.3.5
      execa: 8.0.1
      magic-string: 0.30.10
      pathe: 1.1.2
      std-env: 3.7.0
      tinybench: 2.8.0
      tinypool: 1.0.0
      tinyrainbow: 1.2.0
      vite: 5.2.11(@types/node@20.6.2)
      vite-node: 2.0.2(@types/node@20.6.2)
      why-is-node-running: 2.2.2
    transitivePeerDependencies:
      - less
      - lightningcss
      - sass
      - stylus
      - sugarss
      - supports-color
      - terser
    dev: true

  /which@2.0.2:
    resolution: {integrity: sha512-BLI3Tl1TW3Pvl70l3yq3Y64i+awpwXqsGBYWkkqMtnbXgrMD+yj7rhW0kuEDxzJaYXGjEW5ogapKNMEKNMjibA==}
    engines: {node: '>= 8'}
    hasBin: true
    dependencies:
      isexe: 2.0.0
    dev: true

  /why-is-node-running@2.2.2:
    resolution: {integrity: sha512-6tSwToZxTOcotxHeA+qGCq1mVzKR3CwcJGmVcY+QE8SHy6TnpFnh8PAvPNHYr7EcuVeG0QSMxtYCuO1ta/G/oA==}
    engines: {node: '>=8'}
    hasBin: true
    dependencies:
      siginfo: 2.0.0
      stackback: 0.0.2
    dev: true

  registry.npmjs.org/@actions/core@3.0.1:
    resolution: {integrity: sha512-a6d/Nwahm9fliVGRhdhofo40HjHQasUPusmc7vBfyky+7Z+P2A1J68zyFVaNcEclc/Se+eO595oAr5nwEIoIUA==, registry: https://npm.flatt.tech/, tarball: https://registry.npmjs.org/@actions/core/-/core-3.0.1.tgz}
    name: '@actions/core'
    version: 3.0.1
    dependencies:
      '@actions/exec': registry.npmjs.org/@actions/exec@3.0.0
      '@actions/http-client': registry.npmjs.org/@actions/http-client@4.0.1
    dev: false

  registry.npmjs.org/@actions/exec@3.0.0:
    resolution: {integrity: sha512-6xH/puSoNBXb72VPlZVm7vQ+svQpFyA96qdDBvhB8eNZOE8LtPf9L4oAsfzK/crCL8YZ+19fKYVnM63Sl+Xzlw==, registry: https://npm.flatt.tech/, tarball: https://registry.npmjs.org/@actions/exec/-/exec-3.0.0.tgz}
    name: '@actions/exec'
    version: 3.0.0
    dependencies:
      '@actions/io': registry.npmjs.org/@actions/io@3.0.2
    dev: false

  registry.npmjs.org/@actions/http-client@4.0.1:
    resolution: {integrity: sha512-+Nvd1ImaOZBSoPbsUtEhv+1z99H12xzncCkz0a3RuehINE81FZSe2QTj3uvAPTcJX/SCzUQHQ0D1GrPMbrPitg==, registry: https://npm.flatt.tech/, tarball: https://registry.npmjs.org/@actions/http-client/-/http-client-4.0.1.tgz}
    name: '@actions/http-client'
    version: 4.0.1
    dependencies:
      tunnel: registry.npmjs.org/tunnel@0.0.6
      undici: registry.npmjs.org/undici@6.25.0
    dev: false

  registry.npmjs.org/@actions/io@3.0.2:
    resolution: {integrity: sha512-nRBchcMM+QK1pdjO7/idu86rbJI5YHUKCvKs0KxnSYbVe3F51UfGxuZX4Qy/fWlp6l7gWFwIkrOzN+oUK03kfw==, registry: https://npm.flatt.tech/, tarball: https://registry.npmjs.org/@actions/io/-/io-3.0.2.tgz}
    name: '@actions/io'
    version: 3.0.2
    dev: false

  registry.npmjs.org/@actions/tool-cache@4.0.0:
    resolution: {integrity: sha512-L8P9HbXvpvqjZDveb/fdsa55IVC0trfPgQ4ZwGo6r5af6YDVdM9vMGPZ7rgY2fAT9gGj4PSYd6bYlg3p3jD78A==, registry: https://npm.flatt.tech/, tarball: https://registry.npmjs.org/@actions/tool-cache/-/tool-cache-4.0.0.tgz}
    name: '@actions/tool-cache'
    version: 4.0.0
    dependencies:
      '@actions/core': registry.npmjs.org/@actions/core@3.0.1
      '@actions/exec': registry.npmjs.org/@actions/exec@3.0.0
      '@actions/http-client': registry.npmjs.org/@actions/http-client@4.0.1
      '@actions/io': registry.npmjs.org/@actions/io@3.0.2
      semver: registry.npmjs.org/semver@7.7.4
    dev: false

  registry.npmjs.org/@biomejs/biome@2.4.14:
    resolution: {integrity: sha512-TmAvxOEgrpLypzVGJ8FulIZnlyA9TxrO1hyqYrCz9r+bwma9xXxuLA5IuYnj55XQneFx460KjRbx6SWGLkg3bQ==, registry: https://npm.flatt.tech/, tarball: https://registry.npmjs.org/@biomejs/biome/-/biome-2.4.14.tgz}
    name: '@biomejs/biome'
    version: 2.4.14
    engines: {node: '>=14.21.3'}
    hasBin: true
    optionalDependencies:
      '@biomejs/cli-darwin-arm64': registry.npmjs.org/@biomejs/cli-darwin-arm64@2.4.14
      '@biomejs/cli-darwin-x64': registry.npmjs.org/@biomejs/cli-darwin-x64@2.4.14
      '@biomejs/cli-linux-arm64': registry.npmjs.org/@biomejs/cli-linux-arm64@2.4.14
      '@biomejs/cli-linux-arm64-musl': registry.npmjs.org/@biomejs/cli-linux-arm64-musl@2.4.14
      '@biomejs/cli-linux-x64': registry.npmjs.org/@biomejs/cli-linux-x64@2.4.14
      '@biomejs/cli-linux-x64-musl': registry.npmjs.org/@biomejs/cli-linux-x64-musl@2.4.14
      '@biomejs/cli-win32-arm64': registry.npmjs.org/@biomejs/cli-win32-arm64@2.4.14
      '@biomejs/cli-win32-x64': registry.npmjs.org/@biomejs/cli-win32-x64@2.4.14
    dev: true

  registry.npmjs.org/@biomejs/cli-darwin-arm64@2.4.14:
    resolution: {integrity: sha512-XvgoE9XOawUOQPdmvs4J7wPhi/DLwSCGks3AlPJDmh34O0awRTqCED1HRcRDdpf1Zrp4us4MGOOdIxNpbqNF5Q==, registry: https://npm.flatt.tech/, tarball: https://registry.npmjs.org/@biomejs/cli-darwin-arm64/-/cli-darwin-arm64-2.4.14.tgz}
    name: '@biomejs/cli-darwin-arm64'
    version: 2.4.14
    engines: {node: '>=14.21.3'}
    cpu: [arm64]
    os: [darwin]
    requiresBuild: true
    dev: true
    optional: true

  registry.npmjs.org/@biomejs/cli-darwin-x64@2.4.14:
    resolution: {integrity: sha512-jE7hKBCFhOx3uUh+ZkWBfOHxAcILPfhFplNkuID/eZeSTLHzfZzoZxW8fbqY9xXRnPi7jGNAf1iPVR+0yWsM/Q==, registry: https://npm.flatt.tech/, tarball: https://registry.npmjs.org/@biomejs/cli-darwin-x64/-/cli-darwin-x64-2.4.14.tgz}
    name: '@biomejs/cli-darwin-x64'
    version: 2.4.14
    engines: {node: '>=14.21.3'}
    cpu: [x64]
    os: [darwin]
    requiresBuild: true
    dev: true
    optional: true

  registry.npmjs.org/@biomejs/cli-linux-arm64-musl@2.4.14:
    resolution: {integrity: sha512-/z+6gqAqqUQTHazwStxSXKHg9b8UvqBmDFRp+c4wYbq2KXhELQDon9EoC9RpmQ8JWkqQx/lIUy/cs+MhzDZp6A==, registry: https://npm.flatt.tech/, tarball: https://registry.npmjs.org/@biomejs/cli-linux-arm64-musl/-/cli-linux-arm64-musl-2.4.14.tgz}
    name: '@biomejs/cli-linux-arm64-musl'
    version: 2.4.14
    engines: {node: '>=14.21.3'}
    cpu: [arm64]
    os: [linux]
    requiresBuild: true
    dev: true
    optional: true

  registry.npmjs.org/@biomejs/cli-linux-arm64@2.4.14:
    resolution: {integrity: sha512-2TELhZnW5RSLL063l9rc5xLpA0ZIw0Ccwy/0q384rvNAgFw3yI76bd59547yxowdQr5MNPET/xDLrLuvgSeeWQ==, registry: https://npm.flatt.tech/, tarball: https://registry.npmjs.org/@biomejs/cli-linux-arm64/-/cli-linux-arm64-2.4.14.tgz}
    name: '@biomejs/cli-linux-arm64'
    version: 2.4.14
    engines: {node: '>=14.21.3'}
    cpu: [arm64]
    os: [linux]
    requiresBuild: true
    dev: true
    optional: true

  registry.npmjs.org/@biomejs/cli-linux-x64-musl@2.4.14:
    resolution: {integrity: sha512-R6BWgJdQOwW9ulJatuTVrQkjnODjqHZkKNOqb1sz++3Noe5LYd0i3PchnOBUCYAPHoPWHhjJqbdZlHEu0hpjdA==, registry: https://npm.flatt.tech/, tarball: https://registry.npmjs.org/@biomejs/cli-linux-x64-musl/-/cli-linux-x64-musl-2.4.14.tgz}
    name: '@biomejs/cli-linux-x64-musl'
    version: 2.4.14
    engines: {node: '>=14.21.3'}
    cpu: [x64]
    os: [linux]
    requiresBuild: true
    dev: true
    optional: true

  registry.npmjs.org/@biomejs/cli-linux-x64@2.4.14:
    resolution: {integrity: sha512-zHrlQZDBDUz4OLAraYpWKcnLS6HOewBFWYOzY91d1ZjdqZwibOyb6BEu6WuWLugyo0P3riCmsbV9UqV1cSXwQg==, registry: https://npm.flatt.tech/, tarball: https://registry.npmjs.org/@biomejs/cli-linux-x64/-/cli-linux-x64-2.4.14.tgz}
    name: '@biomejs/cli-linux-x64'
    version: 2.4.14
    engines: {node: '>=14.21.3'}
    cpu: [x64]
    os: [linux]
    requiresBuild: true
    dev: true
    optional: true

  registry.npmjs.org/@biomejs/cli-win32-arm64@2.4.14:
    resolution: {integrity: sha512-M3EH5hqOI/F/FUA2u4xcLoUgmxd218mvuj/6JL7Hv2toQvr2/AdOvKSpGkoRuWFCtQPVa+ZqkEV3Q5xBA9+XSA==, registry: https://npm.flatt.tech/, tarball: https://registry.npmjs.org/@biomejs/cli-win32-arm64/-/cli-win32-arm64-2.4.14.tgz}
    name: '@biomejs/cli-win32-arm64'
    version: 2.4.14
    engines: {node: '>=14.21.3'}
    cpu: [arm64]
    os: [win32]
    requiresBuild: true
    dev: true
    optional: true

  registry.npmjs.org/@biomejs/cli-win32-x64@2.4.14:
    resolution: {integrity: sha512-WL0EG5qE+EAKomGXbf2g6VnSKJhTL3tXC0QRzWRwA5VpjxNYa6H4P7ZWfymbGE4IhZZQi1KXQ2R0YjwInmz2fA==, registry: https://npm.flatt.tech/, tarball: https://registry.npmjs.org/@biomejs/cli-win32-x64/-/cli-win32-x64-2.4.14.tgz}
    name: '@biomejs/cli-win32-x64'
    version: 2.4.14
    engines: {node: '>=14.21.3'}
    cpu: [x64]
    os: [win32]
    requiresBuild: true
    dev: true
    optional: true

  registry.npmjs.org/@esbuild/aix-ppc64@0.20.2:
    resolution: {integrity: sha512-D+EBOJHXdNZcLJRBkhENNG8Wji2kgc9AZ9KiPr1JuZjsNtyHzrsfLRrY0tk2H2aoFu6RANO1y1iPPUCDYWkb5g==, registry: https://npm.flatt.tech/, tarball: https://registry.npmjs.org/@esbuild/aix-ppc64/-/aix-ppc64-0.20.2.tgz}
    name: '@esbuild/aix-ppc64'
    version: 0.20.2
    engines: {node: '>=12'}
    cpu: [ppc64]
    os: [aix]
    requiresBuild: true
    dev: true
    optional: true

  registry.npmjs.org/@esbuild/android-arm64@0.20.2:
    resolution: {integrity: sha512-mRzjLacRtl/tWU0SvD8lUEwb61yP9cqQo6noDZP/O8VkwafSYwZ4yWy24kan8jE/IMERpYncRt2dw438LP3Xmg==, registry: https://npm.flatt.tech/, tarball: https://registry.npmjs.org/@esbuild/android-arm64/-/android-arm64-0.20.2.tgz}
    name: '@esbuild/android-arm64'
    version: 0.20.2
    engines: {node: '>=12'}
    cpu: [arm64]
    os: [android]
    requiresBuild: true
    dev: true
    optional: true

  registry.npmjs.org/@esbuild/android-arm@0.20.2:
    resolution: {integrity: sha512-t98Ra6pw2VaDhqNWO2Oph2LXbz/EJcnLmKLGBJwEwXX/JAN83Fym1rU8l0JUWK6HkIbWONCSSatf4sf2NBRx/w==, registry: https://npm.flatt.tech/, tarball: https://registry.npmjs.org/@esbuild/android-arm/-/android-arm-0.20.2.tgz}
    name: '@esbuild/android-arm'
    version: 0.20.2
    engines: {node: '>=12'}
    cpu: [arm]
    os: [android]
    requiresBuild: true
    dev: true
    optional: true

  registry.npmjs.org/@esbuild/android-x64@0.20.2:
    resolution: {integrity: sha512-btzExgV+/lMGDDa194CcUQm53ncxzeBrWJcncOBxuC6ndBkKxnHdFJn86mCIgTELsooUmwUm9FkhSp5HYu00Rg==, registry: https://npm.flatt.tech/, tarball: https://registry.npmjs.org/@esbuild/android-x64/-/android-x64-0.20.2.tgz}
    name: '@esbuild/android-x64'
    version: 0.20.2
    engines: {node: '>=12'}
    cpu: [x64]
    os: [android]
    requiresBuild: true
    dev: true
    optional: true

  registry.npmjs.org/@esbuild/darwin-arm64@0.20.2:
    resolution: {integrity: sha512-4J6IRT+10J3aJH3l1yzEg9y3wkTDgDk7TSDFX+wKFiWjqWp/iCfLIYzGyasx9l0SAFPT1HwSCR+0w/h1ES/MjA==, registry: https://npm.flatt.tech/, tarball: https://registry.npmjs.org/@esbuild/darwin-arm64/-/darwin-arm64-0.20.2.tgz}
    name: '@esbuild/darwin-arm64'
    version: 0.20.2
    engines: {node: '>=12'}
    cpu: [arm64]
    os: [darwin]
    requiresBuild: true
    dev: true
    optional: true

  registry.npmjs.org/@esbuild/darwin-x64@0.20.2:
    resolution: {integrity: sha512-tBcXp9KNphnNH0dfhv8KYkZhjc+H3XBkF5DKtswJblV7KlT9EI2+jeA8DgBjp908WEuYll6pF+UStUCfEpdysA==, registry: https://npm.flatt.tech/, tarball: https://registry.npmjs.org/@esbuild/darwin-x64/-/darwin-x64-0.20.2.tgz}
    name: '@esbuild/darwin-x64'
    version: 0.20.2
    engines: {node: '>=12'}
    cpu: [x64]
    os: [darwin]
    requiresBuild: true
    dev: true
    optional: true

  registry.npmjs.org/@esbuild/freebsd-arm64@0.20.2:
    resolution: {integrity: sha512-d3qI41G4SuLiCGCFGUrKsSeTXyWG6yem1KcGZVS+3FYlYhtNoNgYrWcvkOoaqMhwXSMrZRl69ArHsGJ9mYdbbw==, registry: https://npm.flatt.tech/, tarball: https://registry.npmjs.org/@esbuild/freebsd-arm64/-/freebsd-arm64-0.20.2.tgz}
    name: '@esbuild/freebsd-arm64'
    version: 0.20.2
    engines: {node: '>=12'}
    cpu: [arm64]
    os: [freebsd]
    requiresBuild: true
    dev: true
    optional: true

  registry.npmjs.org/@esbuild/freebsd-x64@0.20.2:
    resolution: {integrity: sha512-d+DipyvHRuqEeM5zDivKV1KuXn9WeRX6vqSqIDgwIfPQtwMP4jaDsQsDncjTDDsExT4lR/91OLjRo8bmC1e+Cw==, registry: https://npm.flatt.tech/, tarball: https://registry.npmjs.org/@esbuild/freebsd-x64/-/freebsd-x64-0.20.2.tgz}
    name: '@esbuild/freebsd-x64'
    version: 0.20.2
    engines: {node: '>=12'}
    cpu: [x64]
    os: [freebsd]
    requiresBuild: true
    dev: true
    optional: true

  registry.npmjs.org/@esbuild/linux-arm64@0.20.2:
    resolution: {integrity: sha512-9pb6rBjGvTFNira2FLIWqDk/uaf42sSyLE8j1rnUpuzsODBq7FvpwHYZxQ/It/8b+QOS1RYfqgGFNLRI+qlq2A==, registry: https://npm.flatt.tech/, tarball: https://registry.npmjs.org/@esbuild/linux-arm64/-/linux-arm64-0.20.2.tgz}
    name: '@esbuild/linux-arm64'
    version: 0.20.2
    engines: {node: '>=12'}
    cpu: [arm64]
    os: [linux]
    requiresBuild: true
    dev: true
    optional: true

  registry.npmjs.org/@esbuild/linux-arm@0.20.2:
    resolution: {integrity: sha512-VhLPeR8HTMPccbuWWcEUD1Az68TqaTYyj6nfE4QByZIQEQVWBB8vup8PpR7y1QHL3CpcF6xd5WVBU/+SBEvGTg==, registry: https://npm.flatt.tech/, tarball: https://registry.npmjs.org/@esbuild/linux-arm/-/linux-arm-0.20.2.tgz}
    name: '@esbuild/linux-arm'
    version: 0.20.2
    engines: {node: '>=12'}
    cpu: [arm]
    os: [linux]
    requiresBuild: true
    dev: true
    optional: true

  registry.npmjs.org/@esbuild/linux-ia32@0.20.2:
    resolution: {integrity: sha512-o10utieEkNPFDZFQm9CoP7Tvb33UutoJqg3qKf1PWVeeJhJw0Q347PxMvBgVVFgouYLGIhFYG0UGdBumROyiig==, registry: https://npm.flatt.tech/, tarball: https://registry.npmjs.org/@esbuild/linux-ia32/-/linux-ia32-0.20.2.tgz}
    name: '@esbuild/linux-ia32'
    version: 0.20.2
    engines: {node: '>=12'}
    cpu: [ia32]
    os: [linux]
    requiresBuild: true
    dev: true
    optional: true

  registry.npmjs.org/@esbuild/linux-loong64@0.20.2:
    resolution: {integrity: sha512-PR7sp6R/UC4CFVomVINKJ80pMFlfDfMQMYynX7t1tNTeivQ6XdX5r2XovMmha/VjR1YN/HgHWsVcTRIMkymrgQ==, registry: https://npm.flatt.tech/, tarball: https://registry.npmjs.org/@esbuild/linux-loong64/-/linux-loong64-0.20.2.tgz}
    name: '@esbuild/linux-loong64'
    version: 0.20.2
    engines: {node: '>=12'}
    cpu: [loong64]
    os: [linux]
    requiresBuild: true
    dev: true
    optional: true

  registry.npmjs.org/@esbuild/linux-mips64el@0.20.2:
    resolution: {integrity: sha512-4BlTqeutE/KnOiTG5Y6Sb/Hw6hsBOZapOVF6njAESHInhlQAghVVZL1ZpIctBOoTFbQyGW+LsVYZ8lSSB3wkjA==, registry: https://npm.flatt.tech/, tarball: https://registry.npmjs.org/@esbuild/linux-mips64el/-/linux-mips64el-0.20.2.tgz}
    name: '@esbuild/linux-mips64el'
    version: 0.20.2
    engines: {node: '>=12'}
    cpu: [mips64el]
    os: [linux]
    requiresBuild: true
    dev: true
    optional: true

  registry.npmjs.org/@esbuild/linux-ppc64@0.20.2:
    resolution: {integrity: sha512-rD3KsaDprDcfajSKdn25ooz5J5/fWBylaaXkuotBDGnMnDP1Uv5DLAN/45qfnf3JDYyJv/ytGHQaziHUdyzaAg==, registry: https://npm.flatt.tech/, tarball: https://registry.npmjs.org/@esbuild/linux-ppc64/-/linux-ppc64-0.20.2.tgz}
    name: '@esbuild/linux-ppc64'
    version: 0.20.2
    engines: {node: '>=12'}
    cpu: [ppc64]
    os: [linux]
    requiresBuild: true
    dev: true
    optional: true

  registry.npmjs.org/@esbuild/linux-riscv64@0.20.2:
    resolution: {integrity: sha512-snwmBKacKmwTMmhLlz/3aH1Q9T8v45bKYGE3j26TsaOVtjIag4wLfWSiZykXzXuE1kbCE+zJRmwp+ZbIHinnVg==, registry: https://npm.flatt.tech/, tarball: https://registry.npmjs.org/@esbuild/linux-riscv64/-/linux-riscv64-0.20.2.tgz}
    name: '@esbuild/linux-riscv64'
    version: 0.20.2
    engines: {node: '>=12'}
    cpu: [riscv64]
    os: [linux]
    requiresBuild: true
    dev: true
    optional: true

  registry.npmjs.org/@esbuild/linux-s390x@0.20.2:
    resolution: {integrity: sha512-wcWISOobRWNm3cezm5HOZcYz1sKoHLd8VL1dl309DiixxVFoFe/o8HnwuIwn6sXre88Nwj+VwZUvJf4AFxkyrQ==, registry: https://npm.flatt.tech/, tarball: https://registry.npmjs.org/@esbuild/linux-s390x/-/linux-s390x-0.20.2.tgz}
    name: '@esbuild/linux-s390x'
    version: 0.20.2
    engines: {node: '>=12'}
    cpu: [s390x]
    os: [linux]
    requiresBuild: true
    dev: true
    optional: true

  registry.npmjs.org/@esbuild/linux-x64@0.20.2:
    resolution: {integrity: sha512-1MdwI6OOTsfQfek8sLwgyjOXAu+wKhLEoaOLTjbijk6E2WONYpH9ZU2mNtR+lZ2B4uwr+usqGuVfFT9tMtGvGw==, registry: https://npm.flatt.tech/, tarball: https://registry.npmjs.org/@esbuild/linux-x64/-/linux-x64-0.20.2.tgz}
    name: '@esbuild/linux-x64'
    version: 0.20.2
    engines: {node: '>=12'}
    cpu: [x64]
    os: [linux]
    requiresBuild: true
    dev: true
    optional: true

  registry.npmjs.org/@esbuild/netbsd-x64@0.20.2:
    resolution: {integrity: sha512-K8/DhBxcVQkzYc43yJXDSyjlFeHQJBiowJ0uVL6Tor3jGQfSGHNNJcWxNbOI8v5k82prYqzPuwkzHt3J1T1iZQ==, registry: https://npm.flatt.tech/, tarball: https://registry.npmjs.org/@esbuild/netbsd-x64/-/netbsd-x64-0.20.2.tgz}
    name: '@esbuild/netbsd-x64'
    version: 0.20.2
    engines: {node: '>=12'}
    cpu: [x64]
    os: [netbsd]
    requiresBuild: true
    dev: true
    optional: true

  registry.npmjs.org/@esbuild/openbsd-x64@0.20.2:
    resolution: {integrity: sha512-eMpKlV0SThJmmJgiVyN9jTPJ2VBPquf6Kt/nAoo6DgHAoN57K15ZghiHaMvqjCye/uU4X5u3YSMgVBI1h3vKrQ==, registry: https://npm.flatt.tech/, tarball: https://registry.npmjs.org/@esbuild/openbsd-x64/-/openbsd-x64-0.20.2.tgz}
    name: '@esbuild/openbsd-x64'
    version: 0.20.2
    engines: {node: '>=12'}
    cpu: [x64]
    os: [openbsd]
    requiresBuild: true
    dev: true
    optional: true

  registry.npmjs.org/@esbuild/sunos-x64@0.20.2:
    resolution: {integrity: sha512-2UyFtRC6cXLyejf/YEld4Hajo7UHILetzE1vsRcGL3earZEW77JxrFjH4Ez2qaTiEfMgAXxfAZCm1fvM/G/o8w==, registry: https://npm.flatt.tech/, tarball: https://registry.npmjs.org/@esbuild/sunos-x64/-/sunos-x64-0.20.2.tgz}
    name: '@esbuild/sunos-x64'
    version: 0.20.2
    engines: {node: '>=12'}
    cpu: [x64]
    os: [sunos]
    requiresBuild: true
    dev: true
    optional: true

  registry.npmjs.org/@esbuild/win32-arm64@0.20.2:
    resolution: {integrity: sha512-GRibxoawM9ZCnDxnP3usoUDO9vUkpAxIIZ6GQI+IlVmr5kP3zUq+l17xELTHMWTWzjxa2guPNyrpq1GWmPvcGQ==, registry: https://npm.flatt.tech/, tarball: https://registry.npmjs.org/@esbuild/win32-arm64/-/win32-arm64-0.20.2.tgz}
    name: '@esbuild/win32-arm64'
    version: 0.20.2
    engines: {node: '>=12'}
    cpu: [arm64]
    os: [win32]
    requiresBuild: true
    dev: true
    optional: true

  registry.npmjs.org/@esbuild/win32-ia32@0.20.2:
    resolution: {integrity: sha512-HfLOfn9YWmkSKRQqovpnITazdtquEW8/SoHW7pWpuEeguaZI4QnCRW6b+oZTztdBnZOS2hqJ6im/D5cPzBTTlQ==, registry: https://npm.flatt.tech/, tarball: https://registry.npmjs.org/@esbuild/win32-ia32/-/win32-ia32-0.20.2.tgz}
    name: '@esbuild/win32-ia32'
    version: 0.20.2
    engines: {node: '>=12'}
    cpu: [ia32]
    os: [win32]
    requiresBuild: true
    dev: true
    optional: true

  registry.npmjs.org/@esbuild/win32-x64@0.20.2:
    resolution: {integrity: sha512-N49X4lJX27+l9jbLKSqZ6bKNjzQvHaT8IIFUy+YIqmXQdjYCToGWwOItDrfby14c78aDd5NHQl29xingXfCdLQ==, registry: https://npm.flatt.tech/, tarball: https://registry.npmjs.org/@esbuild/win32-x64/-/win32-x64-0.20.2.tgz}
    name: '@esbuild/win32-x64'
    version: 0.20.2
    engines: {node: '>=12'}
    cpu: [x64]
    os: [win32]
    requiresBuild: true
    dev: true
    optional: true

  registry.npmjs.org/@rollup/rollup-android-arm-eabi@4.17.2:
    resolution: {integrity: sha512-NM0jFxY8bB8QLkoKxIQeObCaDlJKewVlIEkuyYKm5An1tdVZ966w2+MPQ2l8LBZLjR+SgyV+nRkTIunzOYBMLQ==, registry: https://npm.flatt.tech/, tarball: https://registry.npmjs.org/@rollup/rollup-android-arm-eabi/-/rollup-android-arm-eabi-4.17.2.tgz}
    name: '@rollup/rollup-android-arm-eabi'
    version: 4.17.2
    cpu: [arm]
    os: [android]
    requiresBuild: true
    dev: true
    optional: true

  registry.npmjs.org/@rollup/rollup-android-arm64@4.17.2:
    resolution: {integrity: sha512-yeX/Usk7daNIVwkq2uGoq2BYJKZY1JfyLTaHO/jaiSwi/lsf8fTFoQW/n6IdAsx5tx+iotu2zCJwz8MxI6D/Bw==, registry: https://npm.flatt.tech/, tarball: https://registry.npmjs.org/@rollup/rollup-android-arm64/-/rollup-android-arm64-4.17.2.tgz}
    name: '@rollup/rollup-android-arm64'
    version: 4.17.2
    cpu: [arm64]
    os: [android]
    requiresBuild: true
    dev: true
    optional: true

  registry.npmjs.org/@rollup/rollup-darwin-arm64@4.17.2:
    resolution: {integrity: sha512-kcMLpE6uCwls023+kknm71ug7MZOrtXo+y5p/tsg6jltpDtgQY1Eq5sGfHcQfb+lfuKwhBmEURDga9N0ol4YPw==, registry: https://npm.flatt.tech/, tarball: https://registry.npmjs.org/@rollup/rollup-darwin-arm64/-/rollup-darwin-arm64-4.17.2.tgz}
    name: '@rollup/rollup-darwin-arm64'
    version: 4.17.2
    cpu: [arm64]
    os: [darwin]
    requiresBuild: true
    dev: true
    optional: true

  registry.npmjs.org/@rollup/rollup-darwin-x64@4.17.2:
    resolution: {integrity: sha512-AtKwD0VEx0zWkL0ZjixEkp5tbNLzX+FCqGG1SvOu993HnSz4qDI6S4kGzubrEJAljpVkhRSlg5bzpV//E6ysTQ==, registry: https://npm.flatt.tech/, tarball: https://registry.npmjs.org/@rollup/rollup-darwin-x64/-/rollup-darwin-x64-4.17.2.tgz}
    name: '@rollup/rollup-darwin-x64'
    version: 4.17.2
    cpu: [x64]
    os: [darwin]
    requiresBuild: true
    dev: true
    optional: true

  registry.npmjs.org/@rollup/rollup-linux-arm-gnueabihf@4.17.2:
    resolution: {integrity: sha512-3reX2fUHqN7sffBNqmEyMQVj/CKhIHZd4y631duy0hZqI8Qoqf6lTtmAKvJFYa6bhU95B1D0WgzHkmTg33In0A==, registry: https://npm.flatt.tech/, tarball: https://registry.npmjs.org/@rollup/rollup-linux-arm-gnueabihf/-/rollup-linux-arm-gnueabihf-4.17.2.tgz}
    name: '@rollup/rollup-linux-arm-gnueabihf'
    version: 4.17.2
    cpu: [arm]
    os: [linux]
    requiresBuild: true
    dev: true
    optional: true

  registry.npmjs.org/@rollup/rollup-linux-arm-musleabihf@4.17.2:
    resolution: {integrity: sha512-uSqpsp91mheRgw96xtyAGP9FW5ChctTFEoXP0r5FAzj/3ZRv3Uxjtc7taRQSaQM/q85KEKjKsZuiZM3GyUivRg==, registry: https://npm.flatt.tech/, tarball: https://registry.npmjs.org/@rollup/rollup-linux-arm-musleabihf/-/rollup-linux-arm-musleabihf-4.17.2.tgz}
    name: '@rollup/rollup-linux-arm-musleabihf'
    version: 4.17.2
    cpu: [arm]
    os: [linux]
    requiresBuild: true
    dev: true
    optional: true

  registry.npmjs.org/@rollup/rollup-linux-arm64-gnu@4.17.2:
    resolution: {integrity: sha512-EMMPHkiCRtE8Wdk3Qhtciq6BndLtstqZIroHiiGzB3C5LDJmIZcSzVtLRbwuXuUft1Cnv+9fxuDtDxz3k3EW2A==, registry: https://npm.flatt.tech/, tarball: https://registry.npmjs.org/@rollup/rollup-linux-arm64-gnu/-/rollup-linux-arm64-gnu-4.17.2.tgz}
    name: '@rollup/rollup-linux-arm64-gnu'
    version: 4.17.2
    cpu: [arm64]
    os: [linux]
    requiresBuild: true
    dev: true
    optional: true

  registry.npmjs.org/@rollup/rollup-linux-arm64-musl@4.17.2:
    resolution: {integrity: sha512-NMPylUUZ1i0z/xJUIx6VUhISZDRT+uTWpBcjdv0/zkp7b/bQDF+NfnfdzuTiB1G6HTodgoFa93hp0O1xl+/UbA==, registry: https://npm.flatt.tech/, tarball: https://registry.npmjs.org/@rollup/rollup-linux-arm64-musl/-/rollup-linux-arm64-musl-4.17.2.tgz}
    name: '@rollup/rollup-linux-arm64-musl'
    version: 4.17.2
    cpu: [arm64]
    os: [linux]
    requiresBuild: true
    dev: true
    optional: true

  registry.npmjs.org/@rollup/rollup-linux-powerpc64le-gnu@4.17.2:
    resolution: {integrity: sha512-T19My13y8uYXPw/L/k0JYaX1fJKFT/PWdXiHr8mTbXWxjVF1t+8Xl31DgBBvEKclw+1b00Chg0hxE2O7bTG7GQ==, registry: https://npm.flatt.tech/, tarball: https://registry.npmjs.org/@rollup/rollup-linux-powerpc64le-gnu/-/rollup-linux-powerpc64le-gnu-4.17.2.tgz}
    name: '@rollup/rollup-linux-powerpc64le-gnu'
    version: 4.17.2
    cpu: [ppc64]
    os: [linux]
    requiresBuild: true
    dev: true
    optional: true

  registry.npmjs.org/@rollup/rollup-linux-riscv64-gnu@4.17.2:
    resolution: {integrity: sha512-BOaNfthf3X3fOWAB+IJ9kxTgPmMqPPH5f5k2DcCsRrBIbWnaJCgX2ll77dV1TdSy9SaXTR5iDXRL8n7AnoP5cg==, registry: https://npm.flatt.tech/, tarball: https://registry.npmjs.org/@rollup/rollup-linux-riscv64-gnu/-/rollup-linux-riscv64-gnu-4.17.2.tgz}
    name: '@rollup/rollup-linux-riscv64-gnu'
    version: 4.17.2
    cpu: [riscv64]
    os: [linux]
    requiresBuild: true
    dev: true
    optional: true

  registry.npmjs.org/@rollup/rollup-linux-s390x-gnu@4.17.2:
    resolution: {integrity: sha512-W0UP/x7bnn3xN2eYMql2T/+wpASLE5SjObXILTMPUBDB/Fg/FxC+gX4nvCfPBCbNhz51C+HcqQp2qQ4u25ok6g==, registry: https://npm.flatt.tech/, tarball: https://registry.npmjs.org/@rollup/rollup-linux-s390x-gnu/-/rollup-linux-s390x-gnu-4.17.2.tgz}
    name: '@rollup/rollup-linux-s390x-gnu'
    version: 4.17.2
    cpu: [s390x]
    os: [linux]
    requiresBuild: true
    dev: true
    optional: true

  registry.npmjs.org/@rollup/rollup-linux-x64-gnu@4.17.2:
    resolution: {integrity: sha512-Hy7pLwByUOuyaFC6mAr7m+oMC+V7qyifzs/nW2OJfC8H4hbCzOX07Ov0VFk/zP3kBsELWNFi7rJtgbKYsav9QQ==, registry: https://npm.flatt.tech/, tarball: https://registry.npmjs.org/@rollup/rollup-linux-x64-gnu/-/rollup-linux-x64-gnu-4.17.2.tgz}
    name: '@rollup/rollup-linux-x64-gnu'
    version: 4.17.2
    cpu: [x64]
    os: [linux]
    requiresBuild: true
    dev: true
    optional: true

  registry.npmjs.org/@rollup/rollup-linux-x64-musl@4.17.2:
    resolution: {integrity: sha512-h1+yTWeYbRdAyJ/jMiVw0l6fOOm/0D1vNLui9iPuqgRGnXA0u21gAqOyB5iHjlM9MMfNOm9RHCQ7zLIzT0x11Q==, registry: https://npm.flatt.tech/, tarball: https://registry.npmjs.org/@rollup/rollup-linux-x64-musl/-/rollup-linux-x64-musl-4.17.2.tgz}
    name: '@rollup/rollup-linux-x64-musl'
    version: 4.17.2
    cpu: [x64]
    os: [linux]
    requiresBuild: true
    dev: true
    optional: true

  registry.npmjs.org/@rollup/rollup-win32-arm64-msvc@4.17.2:
    resolution: {integrity: sha512-tmdtXMfKAjy5+IQsVtDiCfqbynAQE/TQRpWdVataHmhMb9DCoJxp9vLcCBjEQWMiUYxO1QprH/HbY9ragCEFLA==, registry: https://npm.flatt.tech/, tarball: https://registry.npmjs.org/@rollup/rollup-win32-arm64-msvc/-/rollup-win32-arm64-msvc-4.17.2.tgz}
    name: '@rollup/rollup-win32-arm64-msvc'
    version: 4.17.2
    cpu: [arm64]
    os: [win32]
    requiresBuild: true
    dev: true
    optional: true

  registry.npmjs.org/@rollup/rollup-win32-ia32-msvc@4.17.2:
    resolution: {integrity: sha512-7II/QCSTAHuE5vdZaQEwJq2ZACkBpQDOmQsE6D6XUbnBHW8IAhm4eTufL6msLJorzrHDFv3CF8oCA/hSIRuZeQ==, registry: https://npm.flatt.tech/, tarball: https://registry.npmjs.org/@rollup/rollup-win32-ia32-msvc/-/rollup-win32-ia32-msvc-4.17.2.tgz}
    name: '@rollup/rollup-win32-ia32-msvc'
    version: 4.17.2
    cpu: [ia32]
    os: [win32]
    requiresBuild: true
    dev: true
    optional: true

  registry.npmjs.org/@rollup/rollup-win32-x64-msvc@4.17.2:
    resolution: {integrity: sha512-TGGO7v7qOq4CYmSBVEYpI1Y5xDuCEnbVC5Vth8mOsW0gDSzxNrVERPc790IGHsrT2dQSimgMr9Ub3Y1Jci5/8w==, registry: https://npm.flatt.tech/, tarball: https://registry.npmjs.org/@rollup/rollup-win32-x64-msvc/-/rollup-win32-x64-msvc-4.17.2.tgz}
    name: '@rollup/rollup-win32-x64-msvc'
    version: 4.17.2
    cpu: [x64]
    os: [win32]
    requiresBuild: true
    dev: true
    optional: true

  registry.npmjs.org/@vercel/ncc@0.38.4:
    resolution: {integrity: sha512-8LwjnlP39s08C08J5NstzriPvW1SP8Zfpp1BvC2sI35kPeZnHfxVkCwu4/+Wodgnd60UtT1n8K8zw+Mp7J9JmQ==, registry: https://npm.flatt.tech/, tarball: https://registry.npmjs.org/@vercel/ncc/-/ncc-0.38.4.tgz}
    name: '@vercel/ncc'
    version: 0.38.4
    hasBin: true
    dev: true

  registry.npmjs.org/fsevents@2.3.3:
    resolution: {integrity: sha512-5xoDfX+fL7faATnagmWPpbFtwh/R77WmMMqqHGS65C3vvB0YHrgF+B1YmZ3441tMj5n63k0212XNoJwzlhffQw==, registry: https://npm.flatt.tech/, tarball: https://registry.npmjs.org/fsevents/-/fsevents-2.3.3.tgz}
    name: fsevents
    version: 2.3.3
    engines: {node: ^8.16.0 || ^10.6.0 || >=11.0.0}
    os: [darwin]
    requiresBuild: true
    dev: true
    optional: true

  registry.npmjs.org/semver@7.7.4:
    resolution: {integrity: sha512-vFKC2IEtQnVhpT78h1Yp8wzwrf8CM+MzKMHGJZfBtzhZNycRFnXsHk6E5TxIkkMsgNS7mdX3AGB7x2QM2di4lA==, registry: https://npm.flatt.tech/, tarball: https://registry.npmjs.org/semver/-/semver-7.7.4.tgz}
    name: semver
    version: 7.7.4
    engines: {node: '>=10'}
    hasBin: true
    dev: false

  registry.npmjs.org/tunnel@0.0.6:
    resolution: {integrity: sha512-1h/Lnq9yajKY2PEbBadPXj3VxsDDu844OnaAo52UVmIzIvwwtBPIuNvkjuzBlTWpfJyUbG3ez0KSBibQkj4ojg==, registry: https://npm.flatt.tech/, tarball: https://registry.npmjs.org/tunnel/-/tunnel-0.0.6.tgz}
    name: tunnel
    version: 0.0.6
    engines: {node: '>=0.6.11 <=0.7.0 || >=0.7.3'}
    dev: false

  registry.npmjs.org/typescript@6.0.3:
    resolution: {integrity: sha512-y2TvuxSZPDyQakkFRPZHKFm+KKVqIisdg9/CZwm9ftvKXLP8NRWj38/ODjNbr43SsoXqNuAisEf1GdCxqWcdBw==, registry: https://npm.flatt.tech/, tarball: https://registry.npmjs.org/typescript/-/typescript-6.0.3.tgz}
    name: typescript
    version: 6.0.3
    engines: {node: '>=14.17'}
    hasBin: true
    dev: true

  registry.npmjs.org/undici@6.25.0:
    resolution: {integrity: sha512-ZgpWDC5gmNiuY9CnLVXEH8rl50xhRCuLNA97fAUnKi8RRuV4E6KG31pDTsLVUKnohJE0I3XDrTeEydAXRw47xg==, registry: https://npm.flatt.tech/, tarball: https://registry.npmjs.org/undici/-/undici-6.25.0.tgz}
    name: undici
    version: 6.25.0
    engines: {node: '>=18.17'}
    dev: false
